PODS:
  - FontAwesome.swift (1.8.2)
  - paper-onboarding (6.1.4)
  - Realm (4.1.1):
    - Realm/Headers (= 4.1.1)
  - Realm/Headers (4.1.1)
  - RealmSwift (4.1.1):
    - Realm (= 4.1.1)

DEPENDENCIES:
  - FontAwesome.swift
  - paper-onboarding
  - RealmSwift

SPEC REPOS:
  trunk:
    - FontAwesome.swift
    - paper-onboarding
    - Realm
    - RealmSwift

SPEC CHECKSUMS:
  FontAwesome.swift: 7938d6a03113ff3f39001bde7f50be8a0903d605
  paper-onboarding: d3f16416e6f42add686117e8b32bfffaad899a79
  Realm: 25f0a8244cbb1c2271c922963ea8666fc2d8104d
  RealmSwift: 9e2657b33764f80e4a4dffd6d440e24715782052

PODFILE CHECKSUM: 73dc5bae117cb9581103741cd8634e5f7588f2fd

COCOAPODS: 1.8.4
