PODS:
  - FontAwesome.swift (1.8.3)
  - MBCircularProgressBar (0.3.5)
  - paper-onboarding (6.1.4)
  - Realm (4.3.0):
    - Realm/Headers (= 4.3.0)
  - Realm/Headers (4.3.0)
  - RealmSwift (4.3.0):
    - Realm (= 4.3.0)

DEPENDENCIES:
  - FontAwesome.swift
  - MBCircularProgressBar
  - paper-onboarding
  - RealmSwift

SPEC REPOS:
  trunk:
    - FontAwesome.swift
    - MBCircularProgressBar
    - paper-onboarding
    - Realm
    - RealmSwift

SPEC CHECKSUMS:
  FontAwesome.swift: 2a3235131a6caffc6b2ccba318e94d793b2fd342
  MBCircularProgressBar: 0b795b722a5eb5b0923822f90474e2576a1a7855
  paper-onboarding: d3f16416e6f42add686117e8b32bfffaad899a79
  Realm: 9357c3589555793e1860a7104a7412bca4a48d99
  RealmSwift: 402f1e379a8ef82c635313037b043f0f06de880c

PODFILE CHECKSUM: 95d6cd825708294909f8b22a9eabfb0c5caaf443

COCOAPODS: 1.8.4
