// !$*UTF8*$!
{
	archiveVersion = 1;
	classes = {
	};
	objectVersion = 51;
	objects = {

/* Begin PBXBuildFile section */
		46224166963B327D57FB0070 /* Pods_PFpractice.framework in Frameworks */ = {isa = PBXBuildFile; fileRef = 48B1412873E13A4F00CD70C5 /* Pods_PFpractice.framework */; };
		8500D7E623981C5C00BE9C7E /* EditPostViewController.swift in Sources */ = {isa = PBXBuildFile; fileRef = 8500D7E523981C5C00BE9C7E /* EditPostViewController.swift */; };
		8500D7E823981DEF00BE9C7E /* UITextField.swift in Sources */ = {isa = PBXBuildFile; fileRef = 8500D7E723981DEF00BE9C7E /* UITextField.swift */; };
		8500D7EA239845C800BE9C7E /* FinishedTableViewController.swift in Sources */ = {isa = PBXBuildFile; fileRef = 8500D7E9239845C800BE9C7E /* FinishedTableViewController.swift */; };
		8500D7EC239907D000BE9C7E /* Bank.swift in Sources */ = {isa = PBXBuildFile; fileRef = 8500D7EB239907D000BE9C7E /* Bank.swift */; };
		8500D7EE23990B2000BE9C7E /* BankViewController.swift in Sources */ = {isa = PBXBuildFile; fileRef = 8500D7ED23990B2000BE9C7E /* BankViewController.swift */; };
		8500D7F2239938A000BE9C7E /* nyukin.png in Resources */ = {isa = PBXBuildFile; fileRef = 8500D7EF2399389B00BE9C7E /* nyukin.png */; };
		8500D7F3239938A000BE9C7E /* nyukin@3x.png in Resources */ = {isa = PBXBuildFile; fileRef = 8500D7F02399389C00BE9C7E /* nyukin@3x.png */; };
		8500D7F4239938A000BE9C7E /* nyukin@2x.png in Resources */ = {isa = PBXBuildFile; fileRef = 8500D7F12399389F00BE9C7E /* nyukin@2x.png */; };
		850A072B2381C323006F4827 /* TabBarController.swift in Sources */ = {isa = PBXBuildFile; fileRef = 850A072A2381C323006F4827 /* TabBarController.swift */; };
		850A072D23826745006F4827 /* CreatePostViewController.swift in Sources */ = {isa = PBXBuildFile; fileRef = 850A072C23826745006F4827 /* CreatePostViewController.swift */; };
		853FE551238692E7003F3E2D /* 楕円形.png in Resources */ = {isa = PBXBuildFile; fileRef = 853FE54E238692E7003F3E2D /* 楕円形.png */; };
		853FE552238692E7003F3E2D /* 楕円形@2x.png in Resources */ = {isa = PBXBuildFile; fileRef = 853FE54F238692E7003F3E2D /* 楕円形@2x.png */; };
		853FE553238692E7003F3E2D /* 楕円形@3x.png in Resources */ = {isa = PBXBuildFile; fileRef = 853FE550238692E7003F3E2D /* 楕円形@3x.png */; };
		853FE5602386952A003F3E2D /* プレゼント完了@3x.png in Resources */ = {isa = PBXBuildFile; fileRef = 853FE55423869529003F3E2D /* プレゼント完了@3x.png */; };
		853FE5612386952B003F3E2D /* 振り替え@2x.png in Resources */ = {isa = PBXBuildFile; fileRef = 853FE55523869529003F3E2D /* 振り替え@2x.png */; };
		853FE5622386952B003F3E2D /* 通知@2x.png in Resources */ = {isa = PBXBuildFile; fileRef = 853FE55623869529003F3E2D /* 通知@2x.png */; };
		853FE5632386952B003F3E2D /* 振り替え@3x.png in Resources */ = {isa = PBXBuildFile; fileRef = 853FE55723869529003F3E2D /* 振り替え@3x.png */; };
		853FE5642386952B003F3E2D /* プレゼント完了@2x.png in Resources */ = {isa = PBXBuildFile; fileRef = 853FE55823869529003F3E2D /* プレゼント完了@2x.png */; };
		853FE5652386952B003F3E2D /* ゴミ箱.png in Resources */ = {isa = PBXBuildFile; fileRef = 853FE5592386952A003F3E2D /* ゴミ箱.png */; };
		853FE5662386952B003F3E2D /* 振り替え.png in Resources */ = {isa = PBXBuildFile; fileRef = 853FE55A2386952A003F3E2D /* 振り替え.png */; };
		853FE5672386952B003F3E2D /* 通知.png in Resources */ = {isa = PBXBuildFile; fileRef = 853FE55B2386952A003F3E2D /* 通知.png */; };
		853FE5682386952B003F3E2D /* ゴミ箱@2x.png in Resources */ = {isa = PBXBuildFile; fileRef = 853FE55C2386952A003F3E2D /* ゴミ箱@2x.png */; };
		853FE5692386952B003F3E2D /* 通知@3x.png in Resources */ = {isa = PBXBuildFile; fileRef = 853FE55D2386952A003F3E2D /* 通知@3x.png */; };
		853FE56A2386952B003F3E2D /* ゴミ箱@3x.png in Resources */ = {isa = PBXBuildFile; fileRef = 853FE55E2386952A003F3E2D /* ゴミ箱@3x.png */; };
		853FE56B2386952B003F3E2D /* プレゼント完了.png in Resources */ = {isa = PBXBuildFile; fileRef = 853FE55F2386952A003F3E2D /* プレゼント完了.png */; };
		853FE56F2387C250003F3E2D /* PostOneViewController.swift in Sources */ = {isa = PBXBuildFile; fileRef = 853FE56E2387C250003F3E2D /* PostOneViewController.swift */; };
		853FE576238B03CB003F3E2D /* defaultHero.png in Resources */ = {isa = PBXBuildFile; fileRef = 853FE573238B03CA003F3E2D /* defaultHero.png */; };
		853FE577238B03CB003F3E2D /* defaultHero@3x.png in Resources */ = {isa = PBXBuildFile; fileRef = 853FE574238B03CA003F3E2D /* defaultHero@3x.png */; };
		853FE578238B03CB003F3E2D /* defaultHero@2x.png in Resources */ = {isa = PBXBuildFile; fileRef = 853FE575238B03CA003F3E2D /* defaultHero@2x.png */; };
		853FE57C238B03F7003F3E2D /* defaultBackImg@2x.png in Resources */ = {isa = PBXBuildFile; fileRef = 853FE579238B03F7003F3E2D /* defaultBackImg@2x.png */; };
		853FE57D238B03F7003F3E2D /* defaultBackImg@3x.png in Resources */ = {isa = PBXBuildFile; fileRef = 853FE57A238B03F7003F3E2D /* defaultBackImg@3x.png */; };
		853FE57E238B03F7003F3E2D /* defaultBackImg.png in Resources */ = {isa = PBXBuildFile; fileRef = 853FE57B238B03F7003F3E2D /* defaultBackImg.png */; };
		8544FBFD23999CAF00F581CD /* pregressBackImage@3x.png in Resources */ = {isa = PBXBuildFile; fileRef = 8544FBFA23999CAD00F581CD /* pregressBackImage@3x.png */; };
		8544FBFE23999CAF00F581CD /* pregressBackImage.png in Resources */ = {isa = PBXBuildFile; fileRef = 8544FBFB23999CAE00F581CD /* pregressBackImage.png */; };
		8544FBFF23999CAF00F581CD /* pregressBackImage@2x.png in Resources */ = {isa = PBXBuildFile; fileRef = 8544FBFC23999CAE00F581CD /* pregressBackImage@2x.png */; };
		854631BE23850DF0004E7514 /* PostTableViewCell.swift in Sources */ = {isa = PBXBuildFile; fileRef = 854631BD23850DF0004E7514 /* PostTableViewCell.swift */; };
		854631C223851BAA004E7514 /* Post.swift in Sources */ = {isa = PBXBuildFile; fileRef = 854631C123851BAA004E7514 /* Post.swift */; };
		854631C423852560004E7514 /* PostTableViewController.swift in Sources */ = {isa = PBXBuildFile; fileRef = 854631C323852560004E7514 /* PostTableViewController.swift */; };
		858C1E02238D9CC900CDD91D /* No@2x.png in Resources */ = {isa = PBXBuildFile; fileRef = 858C1DFC238D9CC700CDD91D /* No@2x.png */; };
		858C1E03238D9CC900CDD91D /* Yes@2x.png in Resources */ = {isa = PBXBuildFile; fileRef = 858C1DFD238D9CC800CDD91D /* Yes@2x.png */; };
		858C1E04238D9CC900CDD91D /* Yes.png in Resources */ = {isa = PBXBuildFile; fileRef = 858C1DFE238D9CC800CDD91D /* Yes.png */; };
		858C1E05238D9CC900CDD91D /* No.png in Resources */ = {isa = PBXBuildFile; fileRef = 858C1DFF238D9CC800CDD91D /* No.png */; };
		858C1E06238D9CC900CDD91D /* No@3x.png in Resources */ = {isa = PBXBuildFile; fileRef = 858C1E00238D9CC900CDD91D /* No@3x.png */; };
		858C1E07238D9CC900CDD91D /* Yes@3x.png in Resources */ = {isa = PBXBuildFile; fileRef = 858C1E01238D9CC900CDD91D /* Yes@3x.png */; };
		85B25AAC23966BC500E04A68 /* ContentScrollable.swift in Sources */ = {isa = PBXBuildFile; fileRef = 85B25AAB23966BC500E04A68 /* ContentScrollable.swift */; };
		85BCD5CD238061A9002828E3 /* AppDelegate.swift in Sources */ = {isa = PBXBuildFile; fileRef = 85BCD5CC238061A9002828E3 /* AppDelegate.swift */; };
		85BCD5CF238061A9002828E3 /* SceneDelegate.swift in Sources */ = {isa = PBXBuildFile; fileRef = 85BCD5CE238061A9002828E3 /* SceneDelegate.swift */; };
		85BCD5D1238061A9002828E3 /* OnboardingViewController.swift in Sources */ = {isa = PBXBuildFile; fileRef = 85BCD5D0238061A9002828E3 /* OnboardingViewController.swift */; };
		85BCD5D4238061A9002828E3 /* Main.storyboard in Resources */ = {isa = PBXBuildFile; fileRef = 85BCD5D2238061A9002828E3 /* Main.storyboard */; };
		85BCD5D6238061AB002828E3 /* Assets.xcassets in Resources */ = {isa = PBXBuildFile; fileRef = 85BCD5D5238061AB002828E3 /* Assets.xcassets */; };
		85BCD5D9238061AB002828E3 /* LaunchScreen.storyboard in Resources */ = {isa = PBXBuildFile; fileRef = 85BCD5D7238061AB002828E3 /* LaunchScreen.storyboard */; };
		85C734822382A4990026CAFE /* Home@2x.png in Resources */ = {isa = PBXBuildFile; fileRef = 85C734792382A4990026CAFE /* Home@2x.png */; };
		85C734832382A4990026CAFE /* Home@3x.png in Resources */ = {isa = PBXBuildFile; fileRef = 85C7347A2382A4990026CAFE /* Home@3x.png */; };
		85C734842382A4990026CAFE /* プレゼントOK.png in Resources */ = {isa = PBXBuildFile; fileRef = 85C7347B2382A4990026CAFE /* プレゼントOK.png */; };
		85C734852382A4990026CAFE /* 新規作成.png in Resources */ = {isa = PBXBuildFile; fileRef = 85C7347C2382A4990026CAFE /* 新規作成.png */; };
		85C734862382A4990026CAFE /* Home.png in Resources */ = {isa = PBXBuildFile; fileRef = 85C7347D2382A4990026CAFE /* Home.png */; };
		85C734872382A4990026CAFE /* 新規作成@3x.png in Resources */ = {isa = PBXBuildFile; fileRef = 85C7347E2382A4990026CAFE /* 新規作成@3x.png */; };
		85C734882382A4990026CAFE /* プレゼントOK@3x.png in Resources */ = {isa = PBXBuildFile; fileRef = 85C7347F2382A4990026CAFE /* プレゼントOK@3x.png */; };
		85C734892382A4990026CAFE /* プレゼントOK@2x.png in Resources */ = {isa = PBXBuildFile; fileRef = 85C734802382A4990026CAFE /* プレゼントOK@2x.png */; };
		85C7348A2382A4990026CAFE /* 新規作成@2x.png in Resources */ = {isa = PBXBuildFile; fileRef = 85C734812382A4990026CAFE /* 新規作成@2x.png */; };
		85C734982382A4BF0026CAFE /* onboardImg4@3x.png in Resources */ = {isa = PBXBuildFile; fileRef = 85C7348C2382A4BF0026CAFE /* onboardImg4@3x.png */; };
		85C734992382A4BF0026CAFE /* onboardImg4@2x.png in Resources */ = {isa = PBXBuildFile; fileRef = 85C7348D2382A4BF0026CAFE /* onboardImg4@2x.png */; };
		85C7349A2382A4BF0026CAFE /* onboardImg1.png in Resources */ = {isa = PBXBuildFile; fileRef = 85C7348E2382A4BF0026CAFE /* onboardImg1.png */; };
		85C7349B2382A4BF0026CAFE /* onboardImg2.png in Resources */ = {isa = PBXBuildFile; fileRef = 85C7348F2382A4BF0026CAFE /* onboardImg2.png */; };
		85C7349C2382A4BF0026CAFE /* onboardImg3.png in Resources */ = {isa = PBXBuildFile; fileRef = 85C734902382A4BF0026CAFE /* onboardImg3.png */; };
		85C7349D2382A4BF0026CAFE /* onboardImg2@3x.png in Resources */ = {isa = PBXBuildFile; fileRef = 85C734912382A4BF0026CAFE /* onboardImg2@3x.png */; };
		85C7349E2382A4BF0026CAFE /* onboardImg2@2x.png in Resources */ = {isa = PBXBuildFile; fileRef = 85C734922382A4BF0026CAFE /* onboardImg2@2x.png */; };
		85C7349F2382A4BF0026CAFE /* onboardImg4.png in Resources */ = {isa = PBXBuildFile; fileRef = 85C734932382A4BF0026CAFE /* onboardImg4.png */; };
		85C734A02382A4BF0026CAFE /* onboardImg3@3x.png in Resources */ = {isa = PBXBuildFile; fileRef = 85C734942382A4BF0026CAFE /* onboardImg3@3x.png */; };
		85C734A12382A4BF0026CAFE /* onboardImg1@2x.png in Resources */ = {isa = PBXBuildFile; fileRef = 85C734952382A4BF0026CAFE /* onboardImg1@2x.png */; };
		85C734A22382A4BF0026CAFE /* onboardImg1@3x.png in Resources */ = {isa = PBXBuildFile; fileRef = 85C734962382A4BF0026CAFE /* onboardImg1@3x.png */; };
		85C734A32382A4BF0026CAFE /* onboardImg3@2x.png in Resources */ = {isa = PBXBuildFile; fileRef = 85C734972382A4BF0026CAFE /* onboardImg3@2x.png */; };
/* End PBXBuildFile section */

/* Begin PBXFileReference section */
		46219F6C2777910C47C1F590 /* Pods-PFpractice.release.xcconfig */ = {isa = PBXFileReference; includeInIndex = 1; lastKnownFileType = text.xcconfig; name = "Pods-PFpractice.release.xcconfig"; path = "Target Support Files/Pods-PFpractice/Pods-PFpractice.release.xcconfig"; sourceTree = "<group>"; };
		48B1412873E13A4F00CD70C5 /* Pods_PFpractice.framework */ = {isa = PBXFileReference; explicitFileType = wrapper.framework; includeInIndex = 0; path = Pods_PFpractice.framework; sourceTree = BUILT_PRODUCTS_DIR; };
		4FB354119D9D2C676F65CF96 /* Pods-PFpractice.debug.xcconfig */ = {isa = PBXFileReference; includeInIndex = 1; lastKnownFileType = text.xcconfig; name = "Pods-PFpractice.debug.xcconfig"; path = "Target Support Files/Pods-PFpractice/Pods-PFpractice.debug.xcconfig"; sourceTree = "<group>"; };
		8500D7E523981C5C00BE9C7E /* EditPostViewController.swift */ = {isa = PBXFileReference; lastKnownFileType = sourcecode.swift; path = EditPostViewController.swift; sourceTree = "<group>"; };
		8500D7E723981DEF00BE9C7E /* UITextField.swift */ = {isa = PBXFileReference; lastKnownFileType = sourcecode.swift; path = UITextField.swift; sourceTree = "<group>"; };
		8500D7E9239845C800BE9C7E /* FinishedTableViewController.swift */ = {isa = PBXFileReference; lastKnownFileType = sourcecode.swift; path = FinishedTableViewController.swift; sourceTree = "<group>"; };
		8500D7EB239907D000BE9C7E /* Bank.swift */ = {isa = PBXFileReference; lastKnownFileType = sourcecode.swift; path = Bank.swift; sourceTree = "<group>"; };
		8500D7ED23990B2000BE9C7E /* BankViewController.swift */ = {isa = PBXFileReference; lastKnownFileType = sourcecode.swift; path = BankViewController.swift; sourceTree = "<group>"; };
		8500D7EF2399389B00BE9C7E /* nyukin.png */ = {isa = PBXFileReference; lastKnownFileType = image.png; path = nyukin.png; sourceTree = "<group>"; };
		8500D7F02399389C00BE9C7E /* nyukin@3x.png */ = {isa = PBXFileReference; lastKnownFileType = image.png; path = "nyukin@3x.png"; sourceTree = "<group>"; };
		8500D7F12399389F00BE9C7E /* nyukin@2x.png */ = {isa = PBXFileReference; lastKnownFileType = image.png; path = "nyukin@2x.png"; sourceTree = "<group>"; };
		850A072A2381C323006F4827 /* TabBarController.swift */ = {isa = PBXFileReference; lastKnownFileType = sourcecode.swift; path = TabBarController.swift; sourceTree = "<group>"; };
		850A072C23826745006F4827 /* CreatePostViewController.swift */ = {isa = PBXFileReference; lastKnownFileType = sourcecode.swift; path = CreatePostViewController.swift; sourceTree = "<group>"; };
		853FE54E238692E7003F3E2D /* 楕円形.png */ = {isa = PBXFileReference; lastKnownFileType = image.png; path = "楕円形.png"; sourceTree = "<group>"; };
		853FE54F238692E7003F3E2D /* 楕円形@2x.png */ = {isa = PBXFileReference; lastKnownFileType = image.png; path = "楕円形@2x.png"; sourceTree = "<group>"; };
		853FE550238692E7003F3E2D /* 楕円形@3x.png */ = {isa = PBXFileReference; lastKnownFileType = image.png; path = "楕円形@3x.png"; sourceTree = "<group>"; };
		853FE55423869529003F3E2D /* プレゼント完了@3x.png */ = {isa = PBXFileReference; lastKnownFileType = image.png; path = "プレゼント完了@3x.png"; sourceTree = "<group>"; };
		853FE55523869529003F3E2D /* 振り替え@2x.png */ = {isa = PBXFileReference; lastKnownFileType = image.png; path = "振り替え@2x.png"; sourceTree = "<group>"; };
		853FE55623869529003F3E2D /* 通知@2x.png */ = {isa = PBXFileReference; lastKnownFileType = image.png; path = "通知@2x.png"; sourceTree = "<group>"; };
		853FE55723869529003F3E2D /* 振り替え@3x.png */ = {isa = PBXFileReference; lastKnownFileType = image.png; path = "振り替え@3x.png"; sourceTree = "<group>"; };
		853FE55823869529003F3E2D /* プレゼント完了@2x.png */ = {isa = PBXFileReference; lastKnownFileType = image.png; path = "プレゼント完了@2x.png"; sourceTree = "<group>"; };
		853FE5592386952A003F3E2D /* ゴミ箱.png */ = {isa = PBXFileReference; lastKnownFileType = image.png; path = "ゴミ箱.png"; sourceTree = "<group>"; };
		853FE55A2386952A003F3E2D /* 振り替え.png */ = {isa = PBXFileReference; lastKnownFileType = image.png; path = "振り替え.png"; sourceTree = "<group>"; };
		853FE55B2386952A003F3E2D /* 通知.png */ = {isa = PBXFileReference; lastKnownFileType = image.png; path = "通知.png"; sourceTree = "<group>"; };
		853FE55C2386952A003F3E2D /* ゴミ箱@2x.png */ = {isa = PBXFileReference; lastKnownFileType = image.png; path = "ゴミ箱@2x.png"; sourceTree = "<group>"; };
		853FE55D2386952A003F3E2D /* 通知@3x.png */ = {isa = PBXFileReference; lastKnownFileType = image.png; path = "通知@3x.png"; sourceTree = "<group>"; };
		853FE55E2386952A003F3E2D /* ゴミ箱@3x.png */ = {isa = PBXFileReference; lastKnownFileType = image.png; path = "ゴミ箱@3x.png"; sourceTree = "<group>"; };
		853FE55F2386952A003F3E2D /* プレゼント完了.png */ = {isa = PBXFileReference; lastKnownFileType = image.png; path = "プレゼント完了.png"; sourceTree = "<group>"; };
		853FE56E2387C250003F3E2D /* PostOneViewController.swift */ = {isa = PBXFileReference; lastKnownFileType = sourcecode.swift; path = PostOneViewController.swift; sourceTree = "<group>"; };
		853FE573238B03CA003F3E2D /* defaultHero.png */ = {isa = PBXFileReference; lastKnownFileType = image.png; path = defaultHero.png; sourceTree = "<group>"; };
		853FE574238B03CA003F3E2D /* defaultHero@3x.png */ = {isa = PBXFileReference; lastKnownFileType = image.png; path = "defaultHero@3x.png"; sourceTree = "<group>"; };
		853FE575238B03CA003F3E2D /* defaultHero@2x.png */ = {isa = PBXFileReference; lastKnownFileType = image.png; path = "defaultHero@2x.png"; sourceTree = "<group>"; };
		853FE579238B03F7003F3E2D /* defaultBackImg@2x.png */ = {isa = PBXFileReference; lastKnownFileType = image.png; path = "defaultBackImg@2x.png"; sourceTree = "<group>"; };
		853FE57A238B03F7003F3E2D /* defaultBackImg@3x.png */ = {isa = PBXFileReference; lastKnownFileType = image.png; path = "defaultBackImg@3x.png"; sourceTree = "<group>"; };
		853FE57B238B03F7003F3E2D /* defaultBackImg.png */ = {isa = PBXFileReference; lastKnownFileType = image.png; path = defaultBackImg.png; sourceTree = "<group>"; };
		8544FBFA23999CAD00F581CD /* pregressBackImage@3x.png */ = {isa = PBXFileReference; lastKnownFileType = image.png; path = "pregressBackImage@3x.png"; sourceTree = "<group>"; };
		8544FBFB23999CAE00F581CD /* pregressBackImage.png */ = {isa = PBXFileReference; lastKnownFileType = image.png; path = pregressBackImage.png; sourceTree = "<group>"; };
		8544FBFC23999CAE00F581CD /* pregressBackImage@2x.png */ = {isa = PBXFileReference; lastKnownFileType = image.png; path = "pregressBackImage@2x.png"; sourceTree = "<group>"; };
		854631BD23850DF0004E7514 /* PostTableViewCell.swift */ = {isa = PBXFileReference; lastKnownFileType = sourcecode.swift; path = PostTableViewCell.swift; sourceTree = "<group>"; };
		854631C123851BAA004E7514 /* Post.swift */ = {isa = PBXFileReference; lastKnownFileType = sourcecode.swift; path = Post.swift; sourceTree = "<group>"; };
		854631C323852560004E7514 /* PostTableViewController.swift */ = {isa = PBXFileReference; lastKnownFileType = sourcecode.swift; path = PostTableViewController.swift; sourceTree = "<group>"; };
		858C1DFC238D9CC700CDD91D /* No@2x.png */ = {isa = PBXFileReference; lastKnownFileType = image.png; path = "No@2x.png"; sourceTree = "<group>"; };
		858C1DFD238D9CC800CDD91D /* Yes@2x.png */ = {isa = PBXFileReference; lastKnownFileType = image.png; path = "Yes@2x.png"; sourceTree = "<group>"; };
		858C1DFE238D9CC800CDD91D /* Yes.png */ = {isa = PBXFileReference; lastKnownFileType = image.png; path = Yes.png; sourceTree = "<group>"; };
		858C1DFF238D9CC800CDD91D /* No.png */ = {isa = PBXFileReference; lastKnownFileType = image.png; path = No.png; sourceTree = "<group>"; };
		858C1E00238D9CC900CDD91D /* No@3x.png */ = {isa = PBXFileReference; lastKnownFileType = image.png; path = "No@3x.png"; sourceTree = "<group>"; };
		858C1E01238D9CC900CDD91D /* Yes@3x.png */ = {isa = PBXFileReference; lastKnownFileType = image.png; path = "Yes@3x.png"; sourceTree = "<group>"; };
		85B25AAB23966BC500E04A68 /* ContentScrollable.swift */ = {isa = PBXFileReference; lastKnownFileType = sourcecode.swift; path = ContentScrollable.swift; sourceTree = "<group>"; };
		85BCD5C9238061A9002828E3 /* PFpractice.app */ = {isa = PBXFileReference; explicitFileType = wrapper.application; includeInIndex = 0; path = PFpractice.app; sourceTree = BUILT_PRODUCTS_DIR; };
		85BCD5CC238061A9002828E3 /* AppDelegate.swift */ = {isa = PBXFileReference; lastKnownFileType = sourcecode.swift; path = AppDelegate.swift; sourceTree = "<group>"; };
		85BCD5CE238061A9002828E3 /* SceneDelegate.swift */ = {isa = PBXFileReference; lastKnownFileType = sourcecode.swift; path = SceneDelegate.swift; sourceTree = "<group>"; };
		85BCD5D0238061A9002828E3 /* OnboardingViewController.swift */ = {isa = PBXFileReference; lastKnownFileType = sourcecode.swift; path = OnboardingViewController.swift; sourceTree = "<group>"; };
		85BCD5D3238061A9002828E3 /* Base */ = {isa = PBXFileReference; lastKnownFileType = file.storyboard; name = Base; path = Base.lproj/Main.storyboard; sourceTree = "<group>"; };
		85BCD5D5238061AB002828E3 /* Assets.xcassets */ = {isa = PBXFileReference; lastKnownFileType = folder.assetcatalog; path = Assets.xcassets; sourceTree = "<group>"; };
		85BCD5D8238061AB002828E3 /* Base */ = {isa = PBXFileReference; lastKnownFileType = file.storyboard; name = Base; path = Base.lproj/LaunchScreen.storyboard; sourceTree = "<group>"; };
		85BCD5DA238061AB002828E3 /* Info.plist */ = {isa = PBXFileReference; lastKnownFileType = text.plist.xml; path = Info.plist; sourceTree = "<group>"; };
		85C734792382A4990026CAFE /* Home@2x.png */ = {isa = PBXFileReference; lastKnownFileType = image.png; path = "Home@2x.png"; sourceTree = "<group>"; };
		85C7347A2382A4990026CAFE /* Home@3x.png */ = {isa = PBXFileReference; lastKnownFileType = image.png; path = "Home@3x.png"; sourceTree = "<group>"; };
		85C7347B2382A4990026CAFE /* プレゼントOK.png */ = {isa = PBXFileReference; lastKnownFileType = image.png; path = "プレゼントOK.png"; sourceTree = "<group>"; };
		85C7347C2382A4990026CAFE /* 新規作成.png */ = {isa = PBXFileReference; lastKnownFileType = image.png; path = "新規作成.png"; sourceTree = "<group>"; };
		85C7347D2382A4990026CAFE /* Home.png */ = {isa = PBXFileReference; lastKnownFileType = image.png; path = Home.png; sourceTree = "<group>"; };
		85C7347E2382A4990026CAFE /* 新規作成@3x.png */ = {isa = PBXFileReference; lastKnownFileType = image.png; path = "新規作成@3x.png"; sourceTree = "<group>"; };
		85C7347F2382A4990026CAFE /* プレゼントOK@3x.png */ = {isa = PBXFileReference; lastKnownFileType = image.png; path = "プレゼントOK@3x.png"; sourceTree = "<group>"; };
		85C734802382A4990026CAFE /* プレゼントOK@2x.png */ = {isa = PBXFileReference; lastKnownFileType = image.png; path = "プレゼントOK@2x.png"; sourceTree = "<group>"; };
		85C734812382A4990026CAFE /* 新規作成@2x.png */ = {isa = PBXFileReference; lastKnownFileType = image.png; path = "新規作成@2x.png"; sourceTree = "<group>"; };
		85C7348C2382A4BF0026CAFE /* onboardImg4@3x.png */ = {isa = PBXFileReference; lastKnownFileType = image.png; path = "onboardImg4@3x.png"; sourceTree = "<group>"; };
		85C7348D2382A4BF0026CAFE /* onboardImg4@2x.png */ = {isa = PBXFileReference; lastKnownFileType = image.png; path = "onboardImg4@2x.png"; sourceTree = "<group>"; };
		85C7348E2382A4BF0026CAFE /* onboardImg1.png */ = {isa = PBXFileReference; lastKnownFileType = image.png; path = onboardImg1.png; sourceTree = "<group>"; };
		85C7348F2382A4BF0026CAFE /* onboardImg2.png */ = {isa = PBXFileReference; lastKnownFileType = image.png; path = onboardImg2.png; sourceTree = "<group>"; };
		85C734902382A4BF0026CAFE /* onboardImg3.png */ = {isa = PBXFileReference; lastKnownFileType = image.png; path = onboardImg3.png; sourceTree = "<group>"; };
		85C734912382A4BF0026CAFE /* onboardImg2@3x.png */ = {isa = PBXFileReference; lastKnownFileType = image.png; path = "onboardImg2@3x.png"; sourceTree = "<group>"; };
		85C734922382A4BF0026CAFE /* onboardImg2@2x.png */ = {isa = PBXFileReference; lastKnownFileType = image.png; path = "onboardImg2@2x.png"; sourceTree = "<group>"; };
		85C734932382A4BF0026CAFE /* onboardImg4.png */ = {isa = PBXFileReference; lastKnownFileType = image.png; path = onboardImg4.png; sourceTree = "<group>"; };
		85C734942382A4BF0026CAFE /* onboardImg3@3x.png */ = {isa = PBXFileReference; lastKnownFileType = image.png; path = "onboardImg3@3x.png"; sourceTree = "<group>"; };
		85C734952382A4BF0026CAFE /* onboardImg1@2x.png */ = {isa = PBXFileReference; lastKnownFileType = image.png; path = "onboardImg1@2x.png"; sourceTree = "<group>"; };
		85C734962382A4BF0026CAFE /* onboardImg1@3x.png */ = {isa = PBXFileReference; lastKnownFileType = image.png; path = "onboardImg1@3x.png"; sourceTree = "<group>"; };
		85C734972382A4BF0026CAFE /* onboardImg3@2x.png */ = {isa = PBXFileReference; lastKnownFileType = image.png; path = "onboardImg3@2x.png"; sourceTree = "<group>"; };
/* End PBXFileReference section */

/* Begin PBXFrameworksBuildPhase section */
		85BCD5C6238061A9002828E3 /* Frameworks */ = {
			isa = PBXFrameworksBuildPhase;
			buildActionMask = 2147483647;
			files = (
				46224166963B327D57FB0070 /* Pods_PFpractice.framework in Frameworks */,
			);
			runOnlyForDeploymentPostprocessing = 0;
		};
/* End PBXFrameworksBuildPhase section */

/* Begin PBXGroup section */
		853FE54D238692CA003F3E2D /* ButtonIcon */ = {
			isa = PBXGroup;
			children = (
				8500D7EF2399389B00BE9C7E /* nyukin.png */,
				8500D7F12399389F00BE9C7E /* nyukin@2x.png */,
				8500D7F02399389C00BE9C7E /* nyukin@3x.png */,
				858C1DFF238D9CC800CDD91D /* No.png */,
				858C1DFC238D9CC700CDD91D /* No@2x.png */,
				858C1E00238D9CC900CDD91D /* No@3x.png */,
				858C1DFE238D9CC800CDD91D /* Yes.png */,
				858C1DFD238D9CC800CDD91D /* Yes@2x.png */,
				858C1E01238D9CC900CDD91D /* Yes@3x.png */,
				853FE54E238692E7003F3E2D /* 楕円形.png */,
				853FE54F238692E7003F3E2D /* 楕円形@2x.png */,
				853FE550238692E7003F3E2D /* 楕円形@3x.png */,
				853FE5592386952A003F3E2D /* ゴミ箱.png */,
				853FE55C2386952A003F3E2D /* ゴミ箱@2x.png */,
				853FE55E2386952A003F3E2D /* ゴミ箱@3x.png */,
				853FE55F2386952A003F3E2D /* プレゼント完了.png */,
				853FE55823869529003F3E2D /* プレゼント完了@2x.png */,
				853FE55423869529003F3E2D /* プレゼント完了@3x.png */,
				853FE55A2386952A003F3E2D /* 振り替え.png */,
				853FE55523869529003F3E2D /* 振り替え@2x.png */,
				853FE55723869529003F3E2D /* 振り替え@3x.png */,
				853FE55B2386952A003F3E2D /* 通知.png */,
				853FE55623869529003F3E2D /* 通知@2x.png */,
				853FE55D2386952A003F3E2D /* 通知@3x.png */,
			);
			path = ButtonIcon;
			sourceTree = "<group>";
		};
		853FE572238B03B6003F3E2D /* defaultImg */ = {
			isa = PBXGroup;
			children = (
				8544FBFB23999CAE00F581CD /* pregressBackImage.png */,
				8544FBFC23999CAE00F581CD /* pregressBackImage@2x.png */,
				8544FBFA23999CAD00F581CD /* pregressBackImage@3x.png */,
				853FE573238B03CA003F3E2D /* defaultHero.png */,
				853FE575238B03CA003F3E2D /* defaultHero@2x.png */,
				853FE574238B03CA003F3E2D /* defaultHero@3x.png */,
				853FE57B238B03F7003F3E2D /* defaultBackImg.png */,
				853FE579238B03F7003F3E2D /* defaultBackImg@2x.png */,
				853FE57A238B03F7003F3E2D /* defaultBackImg@3x.png */,
			);
			path = defaultImg;
			sourceTree = "<group>";
		};
		854631BA23850B77004E7514 /* Controller */ = {
			isa = PBXGroup;
			children = (
				854631C323852560004E7514 /* PostTableViewController.swift */,
				854631BD23850DF0004E7514 /* PostTableViewCell.swift */,
				853FE56E2387C250003F3E2D /* PostOneViewController.swift */,
				850A072C23826745006F4827 /* CreatePostViewController.swift */,
				8500D7E523981C5C00BE9C7E /* EditPostViewController.swift */,
				8500D7E9239845C800BE9C7E /* FinishedTableViewController.swift */,
				850A072A2381C323006F4827 /* TabBarController.swift */,
				85BCD5D0238061A9002828E3 /* OnboardingViewController.swift */,
				8500D7ED23990B2000BE9C7E /* BankViewController.swift */,
			);
			path = Controller;
			sourceTree = "<group>";
		};
		854631BB23850B7D004E7514 /* View */ = {
			isa = PBXGroup;
			children = (
				85BCD5D2238061A9002828E3 /* Main.storyboard */,
				85BCD5D5238061AB002828E3 /* Assets.xcassets */,
				85BCD5D7238061AB002828E3 /* LaunchScreen.storyboard */,
			);
			path = View;
			sourceTree = "<group>";
		};
		854631BC23850B80004E7514 /* Model */ = {
			isa = PBXGroup;
			children = (
				854631C123851BAA004E7514 /* Post.swift */,
				8500D7EB239907D000BE9C7E /* Bank.swift */,
			);
			path = Model;
			sourceTree = "<group>";
		};
		85BCD5C0238061A9002828E3 = {
			isa = PBXGroup;
			children = (
				85C734732382A2A30026CAFE /* Resources */,
				85BCD5CB238061A9002828E3 /* PFpractice */,
				85BCD5CA238061A9002828E3 /* Products */,
				AC6507EBC595F0BC189CA796 /* Pods */,
				E8E4046318BE48A1106BB0A3 /* Frameworks */,
			);
			sourceTree = "<group>";
		};
		85BCD5CA238061A9002828E3 /* Products */ = {
			isa = PBXGroup;
			children = (
				85BCD5C9238061A9002828E3 /* PFpractice.app */,
			);
			name = Products;
			sourceTree = "<group>";
		};
		85BCD5CB238061A9002828E3 /* PFpractice */ = {
			isa = PBXGroup;
			children = (
				85C4C90E238BCBBB0026BE31 /* Extention */,
				854631BC23850B80004E7514 /* Model */,
				854631BB23850B7D004E7514 /* View */,
				854631BA23850B77004E7514 /* Controller */,
				85BCD5CC238061A9002828E3 /* AppDelegate.swift */,
				85BCD5CE238061A9002828E3 /* SceneDelegate.swift */,
				85BCD5DA238061AB002828E3 /* Info.plist */,
			);
			path = PFpractice;
			sourceTree = "<group>";
		};
		85C4C90E238BCBBB0026BE31 /* Extention */ = {
			isa = PBXGroup;
			children = (
				85B25AAB23966BC500E04A68 /* ContentScrollable.swift */,
				8500D7E723981DEF00BE9C7E /* UITextField.swift */,
			);
			path = Extention;
			sourceTree = "<group>";
		};
		85C734732382A2A30026CAFE /* Resources */ = {
			isa = PBXGroup;
			children = (
				853FE572238B03B6003F3E2D /* defaultImg */,
				853FE54D238692CA003F3E2D /* ButtonIcon */,
				85C7348B2382A4BF0026CAFE /* onboardingImg */,
				85C734782382A4990026CAFE /* TabIcon */,
			);
			path = Resources;
			sourceTree = "<group>";
		};
		85C734782382A4990026CAFE /* TabIcon */ = {
			isa = PBXGroup;
			children = (
				85C734792382A4990026CAFE /* Home@2x.png */,
				85C7347A2382A4990026CAFE /* Home@3x.png */,
				85C7347B2382A4990026CAFE /* プレゼントOK.png */,
				85C7347C2382A4990026CAFE /* 新規作成.png */,
				85C7347D2382A4990026CAFE /* Home.png */,
				85C7347E2382A4990026CAFE /* 新規作成@3x.png */,
				85C7347F2382A4990026CAFE /* プレゼントOK@3x.png */,
				85C734802382A4990026CAFE /* プレゼントOK@2x.png */,
				85C734812382A4990026CAFE /* 新規作成@2x.png */,
			);
			path = TabIcon;
			sourceTree = "<group>";
		};
		85C7348B2382A4BF0026CAFE /* onboardingImg */ = {
			isa = PBXGroup;
			children = (
				85C7348C2382A4BF0026CAFE /* onboardImg4@3x.png */,
				85C7348D2382A4BF0026CAFE /* onboardImg4@2x.png */,
				85C7348E2382A4BF0026CAFE /* onboardImg1.png */,
				85C7348F2382A4BF0026CAFE /* onboardImg2.png */,
				85C734902382A4BF0026CAFE /* onboardImg3.png */,
				85C734912382A4BF0026CAFE /* onboardImg2@3x.png */,
				85C734922382A4BF0026CAFE /* onboardImg2@2x.png */,
				85C734932382A4BF0026CAFE /* onboardImg4.png */,
				85C734942382A4BF0026CAFE /* onboardImg3@3x.png */,
				85C734952382A4BF0026CAFE /* onboardImg1@2x.png */,
				85C734962382A4BF0026CAFE /* onboardImg1@3x.png */,
				85C734972382A4BF0026CAFE /* onboardImg3@2x.png */,
			);
			path = onboardingImg;
			sourceTree = "<group>";
		};
		AC6507EBC595F0BC189CA796 /* Pods */ = {
			isa = PBXGroup;
			children = (
				4FB354119D9D2C676F65CF96 /* Pods-PFpractice.debug.xcconfig */,
				46219F6C2777910C47C1F590 /* Pods-PFpractice.release.xcconfig */,
			);
			path = Pods;
			sourceTree = "<group>";
		};
		E8E4046318BE48A1106BB0A3 /* Frameworks */ = {
			isa = PBXGroup;
			children = (
				48B1412873E13A4F00CD70C5 /* Pods_PFpractice.framework */,
			);
			name = Frameworks;
			sourceTree = "<group>";
		};
/* End PBXGroup section */

/* Begin PBXNativeTarget section */
		85BCD5C8238061A9002828E3 /* PFpractice */ = {
			isa = PBXNativeTarget;
			buildConfigurationList = 85BCD5DD238061AB002828E3 /* Build configuration list for PBXNativeTarget "PFpractice" */;
			buildPhases = (
				3AA9887D7DEC53EE64AD551D /* [CP] Check Pods Manifest.lock */,
				85BCD5C5238061A9002828E3 /* Sources */,
				85BCD5C6238061A9002828E3 /* Frameworks */,
				85BCD5C7238061A9002828E3 /* Resources */,
				93AD1704297F462552E84AC7 /* [CP] Embed Pods Frameworks */,
			);
			buildRules = (
			);
			dependencies = (
			);
			name = PFpractice;
			productName = PFpractice;
			productReference = 85BCD5C9238061A9002828E3 /* PFpractice.app */;
			productType = "com.apple.product-type.application";
		};
/* End PBXNativeTarget section */

/* Begin PBXProject section */
		85BCD5C1238061A9002828E3 /* Project object */ = {
			isa = PBXProject;
			attributes = {
				LastSwiftUpdateCheck = 1120;
				LastUpgradeCheck = 1120;
				ORGANIZATIONNAME = "渡辺崇博";
				TargetAttributes = {
					85BCD5C8238061A9002828E3 = {
						CreatedOnToolsVersion = 11.2.1;
					};
				};
			};
			buildConfigurationList = 85BCD5C4238061A9002828E3 /* Build configuration list for PBXProject "PFpractice" */;
			compatibilityVersion = "Xcode 9.3";
			developmentRegion = en;
			hasScannedForEncodings = 0;
			knownRegions = (
				en,
				Base,
			);
			mainGroup = 85BCD5C0238061A9002828E3;
			productRefGroup = 85BCD5CA238061A9002828E3 /* Products */;
			projectDirPath = "";
			projectRoot = "";
			targets = (
				85BCD5C8238061A9002828E3 /* PFpractice */,
			);
		};
/* End PBXProject section */

/* Begin PBXResourcesBuildPhase section */
		85BCD5C7238061A9002828E3 /* Resources */ = {
			isa = PBXResourcesBuildPhase;
			buildActionMask = 2147483647;
			files = (
				853FE5672386952B003F3E2D /* 通知.png in Resources */,
				85C734A12382A4BF0026CAFE /* onboardImg1@2x.png in Resources */,
				858C1E04238D9CC900CDD91D /* Yes.png in Resources */,
				85C7349D2382A4BF0026CAFE /* onboardImg2@3x.png in Resources */,
				858C1E05238D9CC900CDD91D /* No.png in Resources */,
				858C1E03238D9CC900CDD91D /* Yes@2x.png in Resources */,
				853FE552238692E7003F3E2D /* 楕円形@2x.png in Resources */,
				853FE57D238B03F7003F3E2D /* defaultBackImg@3x.png in Resources */,
				853FE56A2386952B003F3E2D /* ゴミ箱@3x.png in Resources */,
				85BCD5D9238061AB002828E3 /* LaunchScreen.storyboard in Resources */,
				85C734872382A4990026CAFE /* 新規作成@3x.png in Resources */,
				853FE553238692E7003F3E2D /* 楕円形@3x.png in Resources */,
				853FE5642386952B003F3E2D /* プレゼント完了@2x.png in Resources */,
				85C734822382A4990026CAFE /* Home@2x.png in Resources */,
				85C7349F2382A4BF0026CAFE /* onboardImg4.png in Resources */,
				85C734A22382A4BF0026CAFE /* onboardImg1@3x.png in Resources */,
				85C734852382A4990026CAFE /* 新規作成.png in Resources */,
				8500D7F3239938A000BE9C7E /* nyukin@3x.png in Resources */,
				8500D7F4239938A000BE9C7E /* nyukin@2x.png in Resources */,
				853FE5692386952B003F3E2D /* 通知@3x.png in Resources */,
				85BCD5D6238061AB002828E3 /* Assets.xcassets in Resources */,
				853FE57C238B03F7003F3E2D /* defaultBackImg@2x.png in Resources */,
				853FE578238B03CB003F3E2D /* defaultHero@2x.png in Resources */,
				853FE5612386952B003F3E2D /* 振り替え@2x.png in Resources */,
				853FE56B2386952B003F3E2D /* プレゼント完了.png in Resources */,
				85C734862382A4990026CAFE /* Home.png in Resources */,
				85C7349B2382A4BF0026CAFE /* onboardImg2.png in Resources */,
				85C734982382A4BF0026CAFE /* onboardImg4@3x.png in Resources */,
				853FE576238B03CB003F3E2D /* defaultHero.png in Resources */,
				853FE5602386952A003F3E2D /* プレゼント完了@3x.png in Resources */,
				853FE5632386952B003F3E2D /* 振り替え@3x.png in Resources */,
				85C734A32382A4BF0026CAFE /* onboardImg3@2x.png in Resources */,
				858C1E06238D9CC900CDD91D /* No@3x.png in Resources */,
				85C7349C2382A4BF0026CAFE /* onboardImg3.png in Resources */,
				85C734882382A4990026CAFE /* プレゼントOK@3x.png in Resources */,
				853FE5662386952B003F3E2D /* 振り替え.png in Resources */,
				85C7348A2382A4990026CAFE /* 新規作成@2x.png in Resources */,
				8500D7F2239938A000BE9C7E /* nyukin.png in Resources */,
				853FE551238692E7003F3E2D /* 楕円形.png in Resources */,
				85BCD5D4238061A9002828E3 /* Main.storyboard in Resources */,
				858C1E02238D9CC900CDD91D /* No@2x.png in Resources */,
				853FE5622386952B003F3E2D /* 通知@2x.png in Resources */,
				8544FBFE23999CAF00F581CD /* pregressBackImage.png in Resources */,
				853FE577238B03CB003F3E2D /* defaultHero@3x.png in Resources */,
				85C734842382A4990026CAFE /* プレゼントOK.png in Resources */,
				853FE5652386952B003F3E2D /* ゴミ箱.png in Resources */,
				858C1E07238D9CC900CDD91D /* Yes@3x.png in Resources */,
				8544FBFD23999CAF00F581CD /* pregressBackImage@3x.png in Resources */,
				85C734892382A4990026CAFE /* プレゼントOK@2x.png in Resources */,
				85C7349A2382A4BF0026CAFE /* onboardImg1.png in Resources */,
				85C734832382A4990026CAFE /* Home@3x.png in Resources */,
				853FE5682386952B003F3E2D /* ゴミ箱@2x.png in Resources */,
				853FE57E238B03F7003F3E2D /* defaultBackImg.png in Resources */,
				8544FBFF23999CAF00F581CD /* pregressBackImage@2x.png in Resources */,
				85C7349E2382A4BF0026CAFE /* onboardImg2@2x.png in Resources */,
				85C734A02382A4BF0026CAFE /* onboardImg3@3x.png in Resources */,
				85C734992382A4BF0026CAFE /* onboardImg4@2x.png in Resources */,
			);
			runOnlyForDeploymentPostprocessing = 0;
		};
/* End PBXResourcesBuildPhase section */

/* Begin PBXShellScriptBuildPhase section */
		3AA9887D7DEC53EE64AD551D /* [CP] Check Pods Manifest.lock */ = {
			isa = PBXShellScriptBuildPhase;
			buildActionMask = 2147483647;
			files = (
			);
			inputFileListPaths = (
			);
			inputPaths = (
				"${PODS_PODFILE_DIR_PATH}/Podfile.lock",
				"${PODS_ROOT}/Manifest.lock",
			);
			name = "[CP] Check Pods Manifest.lock";
			outputFileListPaths = (
			);
			outputPaths = (
				"$(DERIVED_FILE_DIR)/Pods-PFpractice-checkManifestLockResult.txt",
			);
			runOnlyForDeploymentPostprocessing = 0;
			shellPath = /bin/sh;
			shellScript = "diff \"${PODS_PODFILE_DIR_PATH}/Podfile.lock\" \"${PODS_ROOT}/Manifest.lock\" > /dev/null\nif [ $? != 0 ] ; then\n    # print error to STDERR\n    echo \"error: The sandbox is not in sync with the Podfile.lock. Run 'pod install' or update your CocoaPods installation.\" >&2\n    exit 1\nfi\n# This output is used by Xcode 'outputs' to avoid re-running this script phase.\necho \"SUCCESS\" > \"${SCRIPT_OUTPUT_FILE_0}\"\n";
			showEnvVarsInLog = 0;
		};
		93AD1704297F462552E84AC7 /* [CP] Embed Pods Frameworks */ = {
			isa = PBXShellScriptBuildPhase;
			buildActionMask = 2147483647;
			files = (
			);
			inputFileListPaths = (
				"${PODS_ROOT}/Target Support Files/Pods-PFpractice/Pods-PFpractice-frameworks-${CONFIGURATION}-input-files.xcfilelist",
			);
			name = "[CP] Embed Pods Frameworks";
			outputFileListPaths = (
				"${PODS_ROOT}/Target Support Files/Pods-PFpractice/Pods-PFpractice-frameworks-${CONFIGURATION}-output-files.xcfilelist",
			);
			runOnlyForDeploymentPostprocessing = 0;
			shellPath = /bin/sh;
			shellScript = "\"${PODS_ROOT}/Target Support Files/Pods-PFpractice/Pods-PFpractice-frameworks.sh\"\n";
			showEnvVarsInLog = 0;
		};
/* End PBXShellScriptBuildPhase section */

/* Begin PBXSourcesBuildPhase section */
		85BCD5C5238061A9002828E3 /* Sources */ = {
			isa = PBXSourcesBuildPhase;
			buildActionMask = 2147483647;
			files = (
				85BCD5D1238061A9002828E3 /* OnboardingViewController.swift in Sources */,
				853FE56F2387C250003F3E2D /* PostOneViewController.swift in Sources */,
				85BCD5CD238061A9002828E3 /* AppDelegate.swift in Sources */,
				85B25AAC23966BC500E04A68 /* ContentScrollable.swift in Sources */,
				8500D7EA239845C800BE9C7E /* FinishedTableViewController.swift in Sources */,
				85BCD5CF238061A9002828E3 /* SceneDelegate.swift in Sources */,
				854631BE23850DF0004E7514 /* PostTableViewCell.swift in Sources */,
				854631C423852560004E7514 /* PostTableViewController.swift in Sources */,
				850A072B2381C323006F4827 /* TabBarController.swift in Sources */,
				8500D7E823981DEF00BE9C7E /* UITextField.swift in Sources */,
				854631C223851BAA004E7514 /* Post.swift in Sources */,
				850A072D23826745006F4827 /* CreatePostViewController.swift in Sources */,
				8500D7EC239907D000BE9C7E /* Bank.swift in Sources */,
				8500D7EE23990B2000BE9C7E /* BankViewController.swift in Sources */,
				8500D7E623981C5C00BE9C7E /* EditPostViewController.swift in Sources */,
			);
			runOnlyForDeploymentPostprocessing = 0;
		};
/* End PBXSourcesBuildPhase section */

/* Begin PBXVariantGroup section */
		85BCD5D2238061A9002828E3 /* Main.storyboard */ = {
			isa = PBXVariantGroup;
			children = (
				85BCD5D3238061A9002828E3 /* Base */,
			);
			name = Main.storyboard;
			sourceTree = "<group>";
		};
		85BCD5D7238061AB002828E3 /* LaunchScreen.storyboard */ = {
			isa = PBXVariantGroup;
			children = (
				85BCD5D8238061AB002828E3 /* Base */,
			);
			name = LaunchScreen.storyboard;
			sourceTree = "<group>";
		};
/* End PBXVariantGroup section */

/* Begin XCBuildConfiguration section */
		85BCD5DB238061AB002828E3 /* Debug */ = {
			isa = XCBuildConfiguration;
			buildSettings = {
				ALWAYS_SEARCH_USER_PATHS = NO;
				CLANG_ANALYZER_NONNULL = YES;
				CLANG_ANALYZER_NUMBER_OBJECT_CONVERSION = YES_AGGRESSIVE;
				CLANG_CXX_LANGUAGE_STANDARD = "gnu++14";
				CLANG_CXX_LIBRARY = "libc++";
				CLANG_ENABLE_MODULES = YES;
				CLANG_ENABLE_OBJC_ARC = YES;
				CLANG_ENABLE_OBJC_WEAK = YES;
				CLANG_WARN_BLOCK_CAPTURE_AUTORELEASING = YES;
				CLANG_WARN_BOOL_CONVERSION = YES;
				CLANG_WARN_COMMA = YES;
				CLANG_WARN_CONSTANT_CONVERSION = YES;
				CLANG_WARN_DEPRECATED_OBJC_IMPLEMENTATIONS = YES;
				CLANG_WARN_DIRECT_OBJC_ISA_USAGE = YES_ERROR;
				CLANG_WARN_DOCUMENTATION_COMMENTS = YES;
				CLANG_WARN_EMPTY_BODY = YES;
				CLANG_WARN_ENUM_CONVERSION = YES;
				CLANG_WARN_INFINITE_RECURSION = YES;
				CLANG_WARN_INT_CONVERSION = YES;
				CLANG_WARN_NON_LITERAL_NULL_CONVERSION = YES;
				CLANG_WARN_OBJC_IMPLICIT_RETAIN_SELF = YES;
				CLANG_WARN_OBJC_LITERAL_CONVERSION = YES;
				CLANG_WARN_OBJC_ROOT_CLASS = YES_ERROR;
				CLANG_WARN_RANGE_LOOP_ANALYSIS = YES;
				CLANG_WARN_STRICT_PROTOTYPES = YES;
				CLANG_WARN_SUSPICIOUS_MOVE = YES;
				CLANG_WARN_UNGUARDED_AVAILABILITY = YES_AGGRESSIVE;
				CLANG_WARN_UNREACHABLE_CODE = YES;
				CLANG_WARN__DUPLICATE_METHOD_MATCH = YES;
				COPY_PHASE_STRIP = NO;
				DEBUG_INFORMATION_FORMAT = dwarf;
				ENABLE_STRICT_OBJC_MSGSEND = YES;
				ENABLE_TESTABILITY = YES;
				GCC_C_LANGUAGE_STANDARD = gnu11;
				GCC_DYNAMIC_NO_PIC = NO;
				GCC_NO_COMMON_BLOCKS = YES;
				GCC_OPTIMIZATION_LEVEL = 0;
				GCC_PREPROCESSOR_DEFINITIONS = (
					"DEBUG=1",
					"$(inherited)",
				);
				GCC_WARN_64_TO_32_BIT_CONVERSION = YES;
				GCC_WARN_ABOUT_RETURN_TYPE = YES_ERROR;
				GCC_WARN_UNDECLARED_SELECTOR = YES;
				GCC_WARN_UNINITIALIZED_AUTOS = YES_AGGRESSIVE;
				GCC_WARN_UNUSED_FUNCTION = YES;
				GCC_WARN_UNUSED_VARIABLE = YES;
				IPHONEOS_DEPLOYMENT_TARGET = 13.2;
				MTL_ENABLE_DEBUG_INFO = INCLUDE_SOURCE;
				MTL_FAST_MATH = YES;
				ONLY_ACTIVE_ARCH = YES;
				SDKROOT = iphoneos;
				SWIFT_ACTIVE_COMPILATION_CONDITIONS = DEBUG;
				SWIFT_OPTIMIZATION_LEVEL = "-Onone";
			};
			name = Debug;
		};
		85BCD5DC238061AB002828E3 /* Release */ = {
			isa = XCBuildConfiguration;
			buildSettings = {
				ALWAYS_SEARCH_USER_PATHS = NO;
				CLANG_ANALYZER_NONNULL = YES;
				CLANG_ANALYZER_NUMBER_OBJECT_CONVERSION = YES_AGGRESSIVE;
				CLANG_CXX_LANGUAGE_STANDARD = "gnu++14";
				CLANG_CXX_LIBRARY = "libc++";
				CLANG_ENABLE_MODULES = YES;
				CLANG_ENABLE_OBJC_ARC = YES;
				CLANG_ENABLE_OBJC_WEAK = YES;
				CLANG_WARN_BLOCK_CAPTURE_AUTORELEASING = YES;
				CLANG_WARN_BOOL_CONVERSION = YES;
				CLANG_WARN_COMMA = YES;
				CLANG_WARN_CONSTANT_CONVERSION = YES;
				CLANG_WARN_DEPRECATED_OBJC_IMPLEMENTATIONS = YES;
				CLANG_WARN_DIRECT_OBJC_ISA_USAGE = YES_ERROR;
				CLANG_WARN_DOCUMENTATION_COMMENTS = YES;
				CLANG_WARN_EMPTY_BODY = YES;
				CLANG_WARN_ENUM_CONVERSION = YES;
				CLANG_WARN_INFINITE_RECURSION = YES;
				CLANG_WARN_INT_CONVERSION = YES;
				CLANG_WARN_NON_LITERAL_NULL_CONVERSION = YES;
				CLANG_WARN_OBJC_IMPLICIT_RETAIN_SELF = YES;
				CLANG_WARN_OBJC_LITERAL_CONVERSION = YES;
				CLANG_WARN_OBJC_ROOT_CLASS = YES_ERROR;
				CLANG_WARN_RANGE_LOOP_ANALYSIS = YES;
				CLANG_WARN_STRICT_PROTOTYPES = YES;
				CLANG_WARN_SUSPICIOUS_MOVE = YES;
				CLANG_WARN_UNGUARDED_AVAILABILITY = YES_AGGRESSIVE;
				CLANG_WARN_UNREACHABLE_CODE = YES;
				CLANG_WARN__DUPLICATE_METHOD_MATCH = YES;
				COPY_PHASE_STRIP = NO;
				DEBUG_INFORMATION_FORMAT = "dwarf-with-dsym";
				ENABLE_NS_ASSERTIONS = NO;
				ENABLE_STRICT_OBJC_MSGSEND = YES;
				GCC_C_LANGUAGE_STANDARD = gnu11;
				GCC_NO_COMMON_BLOCKS = YES;
				GCC_WARN_64_TO_32_BIT_CONVERSION = YES;
				GCC_WARN_ABOUT_RETURN_TYPE = YES_ERROR;
				GCC_WARN_UNDECLARED_SELECTOR = YES;
				GCC_WARN_UNINITIALIZED_AUTOS = YES_AGGRESSIVE;
				GCC_WARN_UNUSED_FUNCTION = YES;
				GCC_WARN_UNUSED_VARIABLE = YES;
				IPHONEOS_DEPLOYMENT_TARGET = 13.2;
				MTL_ENABLE_DEBUG_INFO = NO;
				MTL_FAST_MATH = YES;
				SDKROOT = iphoneos;
				SWIFT_COMPILATION_MODE = wholemodule;
				SWIFT_OPTIMIZATION_LEVEL = "-O";
				VALIDATE_PRODUCT = YES;
			};
			name = Release;
		};
		85BCD5DE238061AB002828E3 /* Debug */ = {
			isa = XCBuildConfiguration;
			baseConfigurationReference = 4FB354119D9D2C676F65CF96 /* Pods-PFpractice.debug.xcconfig */;
			buildSettings = {
				ASSETCATALOG_COMPILER_APPICON_NAME = AppIcon;
				CODE_SIGN_STYLE = Automatic;
				DEVELOPMENT_TEAM = 9S7V7XCN6Y;
				INFOPLIST_FILE = PFpractice/Info.plist;
				LD_RUNPATH_SEARCH_PATHS = (
					"$(inherited)",
					"@executable_path/Frameworks",
				);
				LIBRARY_SEARCH_PATHS = "$(inherited)";
				PRODUCT_BUNDLE_IDENTIFIER = "swift-test.PFpractice";
				PRODUCT_NAME = "$(TARGET_NAME)";
				SWIFT_VERSION = 5.0;
				TARGETED_DEVICE_FAMILY = 1;
			};
			name = Debug;
		};
		85BCD5DF238061AB002828E3 /* Release */ = {
			isa = XCBuildConfiguration;
			baseConfigurationReference = 46219F6C2777910C47C1F590 /* Pods-PFpractice.release.xcconfig */;
			buildSettings = {
				ASSETCATALOG_COMPILER_APPICON_NAME = AppIcon;
				CODE_SIGN_STYLE = Automatic;
				DEVELOPMENT_TEAM = 9S7V7XCN6Y;
				INFOPLIST_FILE = PFpractice/Info.plist;
				LD_RUNPATH_SEARCH_PATHS = (
					"$(inherited)",
					"@executable_path/Frameworks",
				);
				LIBRARY_SEARCH_PATHS = "$(inherited)";
				PRODUCT_BUNDLE_IDENTIFIER = "swift-test.PFpractice";
				PRODUCT_NAME = "$(TARGET_NAME)";
				SWIFT_VERSION = 5.0;
				TARGETED_DEVICE_FAMILY = 1;
			};
			name = Release;
		};
/* End XCBuildConfiguration section */

/* Begin XCConfigurationList section */
		85BCD5C4238061A9002828E3 /* Build configuration list for PBXProject "PFpractice" */ = {
			isa = XCConfigurationList;
			buildConfigurations = (
				85BCD5DB238061AB002828E3 /* Debug */,
				85BCD5DC238061AB002828E3 /* Release */,
			);
			defaultConfigurationIsVisible = 0;
			defaultConfigurationName = Release;
		};
		85BCD5DD238061AB002828E3 /* Build configuration list for PBXNativeTarget "PFpractice" */ = {
			isa = XCConfigurationList;
			buildConfigurations = (
				85BCD5DE238061AB002828E3 /* Debug */,
				85BCD5DF238061AB002828E3 /* Release */,
			);
			defaultConfigurationIsVisible = 0;
			defaultConfigurationName = Release;
		};
/* End XCConfigurationList section */
	};
	rootObject = 85BCD5C1238061A9002828E3 /* Project object */;
}
