// !$*UTF8*$!
{
	archiveVersion = 1;
	classes = {
	};
	objectVersion = 51;
	objects = {

/* Begin PBXBuildFile section */
		46224166963B327D57FB0070 /* Pods_PFpractice.framework in Frameworks */ = {isa = PBXBuildFile; fileRef = 48B1412873E13A4F00CD70C5 /* Pods_PFpractice.framework */; };
		8500D7E623981C5C00BE9C7E /* EditPostViewController.swift in Sources */ = {isa = PBXBuildFile; fileRef = 8500D7E523981C5C00BE9C7E /* EditPostViewController.swift */; };
		8500D7E823981DEF00BE9C7E /* UITextField.swift in Sources */ = {isa = PBXBuildFile; fileRef = 8500D7E723981DEF00BE9C7E /* UITextField.swift */; };
		8500D7EA239845C800BE9C7E /* FinishedTableViewController.swift in Sources */ = {isa = PBXBuildFile; fileRef = 8500D7E9239845C800BE9C7E /* FinishedTableViewController.swift */; };
		8500D7EC239907D000BE9C7E /* Bank.swift in Sources */ = {isa = PBXBuildFile; fileRef = 8500D7EB239907D000BE9C7E /* Bank.swift */; };
		8500D7EE23990B2000BE9C7E /* BankViewController.swift in Sources */ = {isa = PBXBuildFile; fileRef = 8500D7ED23990B2000BE9C7E /* BankViewController.swift */; };
		850A072B2381C323006F4827 /* TabBarController.swift in Sources */ = {isa = PBXBuildFile; fileRef = 850A072A2381C323006F4827 /* TabBarController.swift */; };
		850A072D23826745006F4827 /* CreatePostViewController.swift in Sources */ = {isa = PBXBuildFile; fileRef = 850A072C23826745006F4827 /* CreatePostViewController.swift */; };
		8537D6A623FBE83F0023450B /* Notification.storyboard in Resources */ = {isa = PBXBuildFile; fileRef = 8537D6A523FBE83F0023450B /* Notification.storyboard */; };
		8537D6A823FBEA3F0023450B /* FinishedPost.storyboard in Resources */ = {isa = PBXBuildFile; fileRef = 8537D6A723FBEA3F0023450B /* FinishedPost.storyboard */; };
		8537D6AA23FBEB7A0023450B /* PostOne.storyboard in Resources */ = {isa = PBXBuildFile; fileRef = 8537D6A923FBEB7A0023450B /* PostOne.storyboard */; };
		853FE56F2387C250003F3E2D /* PostOneViewController.swift in Sources */ = {isa = PBXBuildFile; fileRef = 853FE56E2387C250003F3E2D /* PostOneViewController.swift */; };
		8545DF1723F423C600993703 /* explosion.json in Resources */ = {isa = PBXBuildFile; fileRef = 8545DF1623F423C500993703 /* explosion.json */; };
		8545DF1B23F6910100993703 /* Onboarding.storyboard in Resources */ = {isa = PBXBuildFile; fileRef = 8545DF1A23F6910100993703 /* Onboarding.storyboard */; };
		8545DF1D23FAD16100993703 /* EditPost.storyboard in Resources */ = {isa = PBXBuildFile; fileRef = 8545DF1C23FAD16100993703 /* EditPost.storyboard */; };
		854631BE23850DF0004E7514 /* PostTableViewCell.swift in Sources */ = {isa = PBXBuildFile; fileRef = 854631BD23850DF0004E7514 /* PostTableViewCell.swift */; };
		854631C223851BAA004E7514 /* Post.swift in Sources */ = {isa = PBXBuildFile; fileRef = 854631C123851BAA004E7514 /* Post.swift */; };
		854631C423852560004E7514 /* PostTableViewController.swift in Sources */ = {isa = PBXBuildFile; fileRef = 854631C323852560004E7514 /* PostTableViewController.swift */; };
		857C24ED23E9127100F72B90 /* PickerType.swift in Sources */ = {isa = PBXBuildFile; fileRef = 857C24EC23E9127100F72B90 /* PickerType.swift */; };
		8586705123FBEEB70040DAC0 /* CreatePost.storyboard in Resources */ = {isa = PBXBuildFile; fileRef = 8586705023FBEEB70040DAC0 /* CreatePost.storyboard */; };
		858E6BBC23D09A16000C1453 /* UIImageResize.swift in Sources */ = {isa = PBXBuildFile; fileRef = 858E6BBB23D09A16000C1453 /* UIImageResize.swift */; };
		859CBD0523E1685A0067C266 /* SavingType.swift in Sources */ = {isa = PBXBuildFile; fileRef = 859CBD0423E1685A0067C266 /* SavingType.swift */; };
		859CBD0723E2A7B80067C266 /* DepositType.swift in Sources */ = {isa = PBXBuildFile; fileRef = 859CBD0623E2A7B80067C266 /* DepositType.swift */; };
		85AB259523DF417D00589F9D /* AppTheme.swift in Sources */ = {isa = PBXBuildFile; fileRef = 85AB259423DF417D00589F9D /* AppTheme.swift */; };
		85B25AAC23966BC500E04A68 /* ContentScrollable.swift in Sources */ = {isa = PBXBuildFile; fileRef = 85B25AAB23966BC500E04A68 /* ContentScrollable.swift */; };
		85BCD5CD238061A9002828E3 /* AppDelegate.swift in Sources */ = {isa = PBXBuildFile; fileRef = 85BCD5CC238061A9002828E3 /* AppDelegate.swift */; };
		85BCD5CF238061A9002828E3 /* SceneDelegate.swift in Sources */ = {isa = PBXBuildFile; fileRef = 85BCD5CE238061A9002828E3 /* SceneDelegate.swift */; };
		85BCD5D1238061A9002828E3 /* OnboardingViewController.swift in Sources */ = {isa = PBXBuildFile; fileRef = 85BCD5D0238061A9002828E3 /* OnboardingViewController.swift */; };
		85BCD5D4238061A9002828E3 /* Main.storyboard in Resources */ = {isa = PBXBuildFile; fileRef = 85BCD5D2238061A9002828E3 /* Main.storyboard */; };
		85BCD5D6238061AB002828E3 /* Assets.xcassets in Resources */ = {isa = PBXBuildFile; fileRef = 85BCD5D5238061AB002828E3 /* Assets.xcassets */; };
		85BCD5D9238061AB002828E3 /* LaunchScreen.storyboard in Resources */ = {isa = PBXBuildFile; fileRef = 85BCD5D7238061AB002828E3 /* LaunchScreen.storyboard */; };
		85BEEEAE23C50A2000EE80EF /* OnboardingView.swift in Sources */ = {isa = PBXBuildFile; fileRef = 85BEEEAD23C50A2000EE80EF /* OnboardingView.swift */; };
		85BEEEB023C71AAF00EE80EF /* hideKeyboardWhenTappedAround.swift in Sources */ = {isa = PBXBuildFile; fileRef = 85BEEEAF23C71AAF00EE80EF /* hideKeyboardWhenTappedAround.swift */; };
		85BEEEB223CB07B900EE80EF /* PostToFinishedViewController.swift in Sources */ = {isa = PBXBuildFile; fileRef = 85BEEEB123CB07B900EE80EF /* PostToFinishedViewController.swift */; };
		85BEEEB423CB956400EE80EF /* FinishedTableViewCell.swift in Sources */ = {isa = PBXBuildFile; fileRef = 85BEEEB323CB956400EE80EF /* FinishedTableViewCell.swift */; };
		85CC081023ABED24000AD3C7 /* PostNotificationTableViewController.swift in Sources */ = {isa = PBXBuildFile; fileRef = 85CC080F23ABED24000AD3C7 /* PostNotificationTableViewController.swift */; };
		85CC081423ACBFD3000AD3C7 /* Info.swift in Sources */ = {isa = PBXBuildFile; fileRef = 85CC081323ACBFD3000AD3C7 /* Info.swift */; };
		85CC082123B2957E000AD3C7 /* ValidationErrorType.swift .swift in Sources */ = {isa = PBXBuildFile; fileRef = 85CC082023B2957E000AD3C7 /* ValidationErrorType.swift .swift */; };
/* End PBXBuildFile section */

/* Begin PBXFileReference section */
		46219F6C2777910C47C1F590 /* Pods-PFpractice.release.xcconfig */ = {isa = PBXFileReference; includeInIndex = 1; lastKnownFileType = text.xcconfig; name = "Pods-PFpractice.release.xcconfig"; path = "Target Support Files/Pods-PFpractice/Pods-PFpractice.release.xcconfig"; sourceTree = "<group>"; };
		48B1412873E13A4F00CD70C5 /* Pods_PFpractice.framework */ = {isa = PBXFileReference; explicitFileType = wrapper.framework; includeInIndex = 0; path = Pods_PFpractice.framework; sourceTree = BUILT_PRODUCTS_DIR; };
		4FB354119D9D2C676F65CF96 /* Pods-PFpractice.debug.xcconfig */ = {isa = PBXFileReference; includeInIndex = 1; lastKnownFileType = text.xcconfig; name = "Pods-PFpractice.debug.xcconfig"; path = "Target Support Files/Pods-PFpractice/Pods-PFpractice.debug.xcconfig"; sourceTree = "<group>"; };
		8500D7E523981C5C00BE9C7E /* EditPostViewController.swift */ = {isa = PBXFileReference; lastKnownFileType = sourcecode.swift; path = EditPostViewController.swift; sourceTree = "<group>"; };
		8500D7E723981DEF00BE9C7E /* UITextField.swift */ = {isa = PBXFileReference; lastKnownFileType = sourcecode.swift; path = UITextField.swift; sourceTree = "<group>"; };
		8500D7E9239845C800BE9C7E /* FinishedTableViewController.swift */ = {isa = PBXFileReference; lastKnownFileType = sourcecode.swift; path = FinishedTableViewController.swift; sourceTree = "<group>"; };
		8500D7EB239907D000BE9C7E /* Bank.swift */ = {isa = PBXFileReference; lastKnownFileType = sourcecode.swift; path = Bank.swift; sourceTree = "<group>"; };
		8500D7ED23990B2000BE9C7E /* BankViewController.swift */ = {isa = PBXFileReference; lastKnownFileType = sourcecode.swift; path = BankViewController.swift; sourceTree = "<group>"; };
		850A072A2381C323006F4827 /* TabBarController.swift */ = {isa = PBXFileReference; lastKnownFileType = sourcecode.swift; path = TabBarController.swift; sourceTree = "<group>"; };
		850A072C23826745006F4827 /* CreatePostViewController.swift */ = {isa = PBXFileReference; lastKnownFileType = sourcecode.swift; path = CreatePostViewController.swift; sourceTree = "<group>"; };
		8537D6A523FBE83F0023450B /* Notification.storyboard */ = {isa = PBXFileReference; lastKnownFileType = file.storyboard; path = Notification.storyboard; sourceTree = "<group>"; };
		8537D6A723FBEA3F0023450B /* FinishedPost.storyboard */ = {isa = PBXFileReference; lastKnownFileType = file.storyboard; path = FinishedPost.storyboard; sourceTree = "<group>"; };
		8537D6A923FBEB7A0023450B /* PostOne.storyboard */ = {isa = PBXFileReference; lastKnownFileType = file.storyboard; path = PostOne.storyboard; sourceTree = "<group>"; };
		853FE56E2387C250003F3E2D /* PostOneViewController.swift */ = {isa = PBXFileReference; lastKnownFileType = sourcecode.swift; path = PostOneViewController.swift; sourceTree = "<group>"; };
		8545DF1623F423C500993703 /* explosion.json */ = {isa = PBXFileReference; fileEncoding = 4; lastKnownFileType = text.json; path = explosion.json; sourceTree = "<group>"; };
		8545DF1A23F6910100993703 /* Onboarding.storyboard */ = {isa = PBXFileReference; lastKnownFileType = file.storyboard; path = Onboarding.storyboard; sourceTree = "<group>"; };
		8545DF1C23FAD16100993703 /* EditPost.storyboard */ = {isa = PBXFileReference; lastKnownFileType = file.storyboard; path = EditPost.storyboard; sourceTree = "<group>"; };
		854631BD23850DF0004E7514 /* PostTableViewCell.swift */ = {isa = PBXFileReference; lastKnownFileType = sourcecode.swift; path = PostTableViewCell.swift; sourceTree = "<group>"; };
		854631C123851BAA004E7514 /* Post.swift */ = {isa = PBXFileReference; lastKnownFileType = sourcecode.swift; path = Post.swift; sourceTree = "<group>"; };
		854631C323852560004E7514 /* PostTableViewController.swift */ = {isa = PBXFileReference; lastKnownFileType = sourcecode.swift; path = PostTableViewController.swift; sourceTree = "<group>"; };
		857C24EC23E9127100F72B90 /* PickerType.swift */ = {isa = PBXFileReference; lastKnownFileType = sourcecode.swift; path = PickerType.swift; sourceTree = "<group>"; };
		8586705023FBEEB70040DAC0 /* CreatePost.storyboard */ = {isa = PBXFileReference; lastKnownFileType = file.storyboard; path = CreatePost.storyboard; sourceTree = "<group>"; };
		858E6BBB23D09A16000C1453 /* UIImageResize.swift */ = {isa = PBXFileReference; lastKnownFileType = sourcecode.swift; path = UIImageResize.swift; sourceTree = "<group>"; };
		859CBD0423E1685A0067C266 /* SavingType.swift */ = {isa = PBXFileReference; lastKnownFileType = sourcecode.swift; path = SavingType.swift; sourceTree = "<group>"; };
		859CBD0623E2A7B80067C266 /* DepositType.swift */ = {isa = PBXFileReference; lastKnownFileType = sourcecode.swift; path = DepositType.swift; sourceTree = "<group>"; };
		85AB259423DF417D00589F9D /* AppTheme.swift */ = {isa = PBXFileReference; lastKnownFileType = sourcecode.swift; path = AppTheme.swift; sourceTree = "<group>"; };
		85B25AAB23966BC500E04A68 /* ContentScrollable.swift */ = {isa = PBXFileReference; lastKnownFileType = sourcecode.swift; path = ContentScrollable.swift; sourceTree = "<group>"; };
		85BCD5C9238061A9002828E3 /* プレゼント管理.app */ = {isa = PBXFileReference; explicitFileType = wrapper.application; includeInIndex = 0; path = "プレゼント管理.app"; sourceTree = BUILT_PRODUCTS_DIR; };
		85BCD5CC238061A9002828E3 /* AppDelegate.swift */ = {isa = PBXFileReference; lastKnownFileType = sourcecode.swift; path = AppDelegate.swift; sourceTree = "<group>"; };
		85BCD5CE238061A9002828E3 /* SceneDelegate.swift */ = {isa = PBXFileReference; lastKnownFileType = sourcecode.swift; path = SceneDelegate.swift; sourceTree = "<group>"; };
		85BCD5D0238061A9002828E3 /* OnboardingViewController.swift */ = {isa = PBXFileReference; lastKnownFileType = sourcecode.swift; path = OnboardingViewController.swift; sourceTree = "<group>"; };
		85BCD5D3238061A9002828E3 /* Base */ = {isa = PBXFileReference; lastKnownFileType = file.storyboard; name = Base; path = Base.lproj/Main.storyboard; sourceTree = "<group>"; };
		85BCD5D5238061AB002828E3 /* Assets.xcassets */ = {isa = PBXFileReference; lastKnownFileType = folder.assetcatalog; path = Assets.xcassets; sourceTree = "<group>"; };
		85BCD5D8238061AB002828E3 /* Base */ = {isa = PBXFileReference; lastKnownFileType = file.storyboard; name = Base; path = Base.lproj/LaunchScreen.storyboard; sourceTree = "<group>"; };
		85BCD5DA238061AB002828E3 /* Info.plist */ = {isa = PBXFileReference; lastKnownFileType = text.plist.xml; path = Info.plist; sourceTree = "<group>"; };
		85BEEEAD23C50A2000EE80EF /* OnboardingView.swift */ = {isa = PBXFileReference; lastKnownFileType = sourcecode.swift; path = OnboardingView.swift; sourceTree = "<group>"; };
		85BEEEAF23C71AAF00EE80EF /* hideKeyboardWhenTappedAround.swift */ = {isa = PBXFileReference; lastKnownFileType = sourcecode.swift; path = hideKeyboardWhenTappedAround.swift; sourceTree = "<group>"; };
		85BEEEB123CB07B900EE80EF /* PostToFinishedViewController.swift */ = {isa = PBXFileReference; lastKnownFileType = sourcecode.swift; path = PostToFinishedViewController.swift; sourceTree = "<group>"; };
		85BEEEB323CB956400EE80EF /* FinishedTableViewCell.swift */ = {isa = PBXFileReference; lastKnownFileType = sourcecode.swift; path = FinishedTableViewCell.swift; sourceTree = "<group>"; };
		85CC080F23ABED24000AD3C7 /* PostNotificationTableViewController.swift */ = {isa = PBXFileReference; lastKnownFileType = sourcecode.swift; path = PostNotificationTableViewController.swift; sourceTree = "<group>"; };
		85CC081323ACBFD3000AD3C7 /* Info.swift */ = {isa = PBXFileReference; lastKnownFileType = sourcecode.swift; path = Info.swift; sourceTree = "<group>"; };
		85CC082023B2957E000AD3C7 /* ValidationErrorType.swift .swift */ = {isa = PBXFileReference; lastKnownFileType = sourcecode.swift; path = "ValidationErrorType.swift .swift"; sourceTree = "<group>"; };
/* End PBXFileReference section */

/* Begin PBXFrameworksBuildPhase section */
		85BCD5C6238061A9002828E3 /* Frameworks */ = {
			isa = PBXFrameworksBuildPhase;
			buildActionMask = 2147483647;
			files = (
				46224166963B327D57FB0070 /* Pods_PFpractice.framework in Frameworks */,
			);
			runOnlyForDeploymentPostprocessing = 0;
		};
/* End PBXFrameworksBuildPhase section */

/* Begin PBXGroup section */
		8545DF1123F4000400993703 /* Animation */ = {
			isa = PBXGroup;
			children = (
				8545DF1623F423C500993703 /* explosion.json */,
			);
			path = Animation;
			sourceTree = "<group>";
		};
		854631BA23850B77004E7514 /* Controller */ = {
			isa = PBXGroup;
			children = (
				854631C323852560004E7514 /* PostTableViewController.swift */,
				850A072C23826745006F4827 /* CreatePostViewController.swift */,
				8500D7E523981C5C00BE9C7E /* EditPostViewController.swift */,
				853FE56E2387C250003F3E2D /* PostOneViewController.swift */,
				8500D7E9239845C800BE9C7E /* FinishedTableViewController.swift */,
				850A072A2381C323006F4827 /* TabBarController.swift */,
				8500D7ED23990B2000BE9C7E /* BankViewController.swift */,
				85CC080F23ABED24000AD3C7 /* PostNotificationTableViewController.swift */,
				85BCD5D0238061A9002828E3 /* OnboardingViewController.swift */,
				85BEEEB123CB07B900EE80EF /* PostToFinishedViewController.swift */,
			);
			path = Controller;
			sourceTree = "<group>";
		};
		854631BB23850B7D004E7514 /* View */ = {
			isa = PBXGroup;
			children = (
				85BCD5D2238061A9002828E3 /* Main.storyboard */,
				8545DF1A23F6910100993703 /* Onboarding.storyboard */,
				85BCD5D5238061AB002828E3 /* Assets.xcassets */,
				85BCD5D7238061AB002828E3 /* LaunchScreen.storyboard */,
				85BEEEAD23C50A2000EE80EF /* OnboardingView.swift */,
				854631BD23850DF0004E7514 /* PostTableViewCell.swift */,
				85BEEEB323CB956400EE80EF /* FinishedTableViewCell.swift */,
				8545DF1C23FAD16100993703 /* EditPost.storyboard */,
				8537D6A523FBE83F0023450B /* Notification.storyboard */,
				8537D6A723FBEA3F0023450B /* FinishedPost.storyboard */,
				8537D6A923FBEB7A0023450B /* PostOne.storyboard */,
				8586705023FBEEB70040DAC0 /* CreatePost.storyboard */,
			);
			path = View;
			sourceTree = "<group>";
		};
		854631BC23850B80004E7514 /* Model */ = {
			isa = PBXGroup;
			children = (
				854631C123851BAA004E7514 /* Post.swift */,
				8500D7EB239907D000BE9C7E /* Bank.swift */,
				85CC081323ACBFD3000AD3C7 /* Info.swift */,
				85CC082023B2957E000AD3C7 /* ValidationErrorType.swift .swift */,
			);
			path = Model;
			sourceTree = "<group>";
		};
		859CBD0323E1668A0067C266 /* Enum */ = {
			isa = PBXGroup;
			children = (
				859CBD0423E1685A0067C266 /* SavingType.swift */,
				859CBD0623E2A7B80067C266 /* DepositType.swift */,
				857C24EC23E9127100F72B90 /* PickerType.swift */,
			);
			path = Enum;
			sourceTree = "<group>";
		};
		85AB259323DF414B00589F9D /* Struct */ = {
			isa = PBXGroup;
			children = (
				85AB259423DF417D00589F9D /* AppTheme.swift */,
			);
			path = Struct;
			sourceTree = "<group>";
		};
		85BCD5C0238061A9002828E3 = {
			isa = PBXGroup;
			children = (
				85BCD5CB238061A9002828E3 /* PFpractice */,
				85BCD5CA238061A9002828E3 /* Products */,
				AC6507EBC595F0BC189CA796 /* Pods */,
				E8E4046318BE48A1106BB0A3 /* Frameworks */,
			);
			sourceTree = "<group>";
		};
		85BCD5CA238061A9002828E3 /* Products */ = {
			isa = PBXGroup;
			children = (
				85BCD5C9238061A9002828E3 /* プレゼント管理.app */,
			);
			name = Products;
			sourceTree = "<group>";
		};
		85BCD5CB238061A9002828E3 /* PFpractice */ = {
			isa = PBXGroup;
			children = (
				8545DF1123F4000400993703 /* Animation */,
				859CBD0323E1668A0067C266 /* Enum */,
				85AB259323DF414B00589F9D /* Struct */,
				85C4C90E238BCBBB0026BE31 /* Extention */,
				854631BC23850B80004E7514 /* Model */,
				854631BB23850B7D004E7514 /* View */,
				854631BA23850B77004E7514 /* Controller */,
				85BCD5CC238061A9002828E3 /* AppDelegate.swift */,
				85BCD5CE238061A9002828E3 /* SceneDelegate.swift */,
				85BCD5DA238061AB002828E3 /* Info.plist */,
			);
			path = PFpractice;
			sourceTree = "<group>";
		};
		85C4C90E238BCBBB0026BE31 /* Extention */ = {
			isa = PBXGroup;
			children = (
				85B25AAB23966BC500E04A68 /* ContentScrollable.swift */,
				8500D7E723981DEF00BE9C7E /* UITextField.swift */,
				85BEEEAF23C71AAF00EE80EF /* hideKeyboardWhenTappedAround.swift */,
				858E6BBB23D09A16000C1453 /* UIImageResize.swift */,
			);
			path = Extention;
			sourceTree = "<group>";
		};
		AC6507EBC595F0BC189CA796 /* Pods */ = {
			isa = PBXGroup;
			children = (
				4FB354119D9D2C676F65CF96 /* Pods-PFpractice.debug.xcconfig */,
				46219F6C2777910C47C1F590 /* Pods-PFpractice.release.xcconfig */,
			);
			path = Pods;
			sourceTree = "<group>";
		};
		E8E4046318BE48A1106BB0A3 /* Frameworks */ = {
			isa = PBXGroup;
			children = (
				48B1412873E13A4F00CD70C5 /* Pods_PFpractice.framework */,
			);
			name = Frameworks;
			sourceTree = "<group>";
		};
/* End PBXGroup section */

/* Begin PBXNativeTarget section */
		85BCD5C8238061A9002828E3 /* PFpractice */ = {
			isa = PBXNativeTarget;
			buildConfigurationList = 85BCD5DD238061AB002828E3 /* Build configuration list for PBXNativeTarget "PFpractice" */;
			buildPhases = (
				3AA9887D7DEC53EE64AD551D /* [CP] Check Pods Manifest.lock */,
				85BCD5C5238061A9002828E3 /* Sources */,
				85BCD5C6238061A9002828E3 /* Frameworks */,
				85BCD5C7238061A9002828E3 /* Resources */,
				93AD1704297F462552E84AC7 /* [CP] Embed Pods Frameworks */,
			);
			buildRules = (
			);
			dependencies = (
			);
			name = PFpractice;
			productName = PFpractice;
			productReference = 85BCD5C9238061A9002828E3 /* プレゼント管理.app */;
			productType = "com.apple.product-type.application";
		};
/* End PBXNativeTarget section */

/* Begin PBXProject section */
		85BCD5C1238061A9002828E3 /* Project object */ = {
			isa = PBXProject;
			attributes = {
				LastSwiftUpdateCheck = 1120;
				LastUpgradeCheck = 1120;
				ORGANIZATIONNAME = "渡辺崇博";
				TargetAttributes = {
					85BCD5C8238061A9002828E3 = {
						CreatedOnToolsVersion = 11.2.1;
					};
				};
			};
			buildConfigurationList = 85BCD5C4238061A9002828E3 /* Build configuration list for PBXProject "PFpractice" */;
			compatibilityVersion = "Xcode 9.3";
			developmentRegion = en;
			hasScannedForEncodings = 0;
			knownRegions = (
				en,
				Base,
			);
			mainGroup = 85BCD5C0238061A9002828E3;
			productRefGroup = 85BCD5CA238061A9002828E3 /* Products */;
			projectDirPath = "";
			projectRoot = "";
			targets = (
				85BCD5C8238061A9002828E3 /* PFpractice */,
			);
		};
/* End PBXProject section */

/* Begin PBXResourcesBuildPhase section */
		85BCD5C7238061A9002828E3 /* Resources */ = {
			isa = PBXResourcesBuildPhase;
			buildActionMask = 2147483647;
			files = (
				85BCD5D9238061AB002828E3 /* LaunchScreen.storyboard in Resources */,
				8545DF1B23F6910100993703 /* Onboarding.storyboard in Resources */,
				85BCD5D6238061AB002828E3 /* Assets.xcassets in Resources */,
				85BCD5D4238061A9002828E3 /* Main.storyboard in Resources */,
				8586705123FBEEB70040DAC0 /* CreatePost.storyboard in Resources */,
				8545DF1D23FAD16100993703 /* EditPost.storyboard in Resources */,
				8537D6AA23FBEB7A0023450B /* PostOne.storyboard in Resources */,
				8545DF1723F423C600993703 /* explosion.json in Resources */,
				8537D6A823FBEA3F0023450B /* FinishedPost.storyboard in Resources */,
				8537D6A623FBE83F0023450B /* Notification.storyboard in Resources */,
			);
			runOnlyForDeploymentPostprocessing = 0;
		};
/* End PBXResourcesBuildPhase section */

/* Begin PBXShellScriptBuildPhase section */
		3AA9887D7DEC53EE64AD551D /* [CP] Check Pods Manifest.lock */ = {
			isa = PBXShellScriptBuildPhase;
			buildActionMask = 2147483647;
			files = (
			);
			inputFileListPaths = (
			);
			inputPaths = (
				"${PODS_PODFILE_DIR_PATH}/Podfile.lock",
				"${PODS_ROOT}/Manifest.lock",
			);
			name = "[CP] Check Pods Manifest.lock";
			outputFileListPaths = (
			);
			outputPaths = (
				"$(DERIVED_FILE_DIR)/Pods-PFpractice-checkManifestLockResult.txt",
			);
			runOnlyForDeploymentPostprocessing = 0;
			shellPath = /bin/sh;
			shellScript = "diff \"${PODS_PODFILE_DIR_PATH}/Podfile.lock\" \"${PODS_ROOT}/Manifest.lock\" > /dev/null\nif [ $? != 0 ] ; then\n    # print error to STDERR\n    echo \"error: The sandbox is not in sync with the Podfile.lock. Run 'pod install' or update your CocoaPods installation.\" >&2\n    exit 1\nfi\n# This output is used by Xcode 'outputs' to avoid re-running this script phase.\necho \"SUCCESS\" > \"${SCRIPT_OUTPUT_FILE_0}\"\n";
			showEnvVarsInLog = 0;
		};
		93AD1704297F462552E84AC7 /* [CP] Embed Pods Frameworks */ = {
			isa = PBXShellScriptBuildPhase;
			buildActionMask = 2147483647;
			files = (
			);
			inputFileListPaths = (
				"${PODS_ROOT}/Target Support Files/Pods-PFpractice/Pods-PFpractice-frameworks-${CONFIGURATION}-input-files.xcfilelist",
			);
			name = "[CP] Embed Pods Frameworks";
			outputFileListPaths = (
				"${PODS_ROOT}/Target Support Files/Pods-PFpractice/Pods-PFpractice-frameworks-${CONFIGURATION}-output-files.xcfilelist",
			);
			runOnlyForDeploymentPostprocessing = 0;
			shellPath = /bin/sh;
			shellScript = "\"${PODS_ROOT}/Target Support Files/Pods-PFpractice/Pods-PFpractice-frameworks.sh\"\n";
			showEnvVarsInLog = 0;
		};
/* End PBXShellScriptBuildPhase section */

/* Begin PBXSourcesBuildPhase section */
		85BCD5C5238061A9002828E3 /* Sources */ = {
			isa = PBXSourcesBuildPhase;
			buildActionMask = 2147483647;
			files = (
				859CBD0523E1685A0067C266 /* SavingType.swift in Sources */,
				85BCD5D1238061A9002828E3 /* OnboardingViewController.swift in Sources */,
				853FE56F2387C250003F3E2D /* PostOneViewController.swift in Sources */,
				858E6BBC23D09A16000C1453 /* UIImageResize.swift in Sources */,
				85BCD5CD238061A9002828E3 /* AppDelegate.swift in Sources */,
				85B25AAC23966BC500E04A68 /* ContentScrollable.swift in Sources */,
				859CBD0723E2A7B80067C266 /* DepositType.swift in Sources */,
				8500D7EA239845C800BE9C7E /* FinishedTableViewController.swift in Sources */,
				85BCD5CF238061A9002828E3 /* SceneDelegate.swift in Sources */,
				854631BE23850DF0004E7514 /* PostTableViewCell.swift in Sources */,
				85BEEEB423CB956400EE80EF /* FinishedTableViewCell.swift in Sources */,
				854631C423852560004E7514 /* PostTableViewController.swift in Sources */,
				85CC081023ABED24000AD3C7 /* PostNotificationTableViewController.swift in Sources */,
				850A072B2381C323006F4827 /* TabBarController.swift in Sources */,
				85BEEEB223CB07B900EE80EF /* PostToFinishedViewController.swift in Sources */,
				8500D7E823981DEF00BE9C7E /* UITextField.swift in Sources */,
				85BEEEAE23C50A2000EE80EF /* OnboardingView.swift in Sources */,
				854631C223851BAA004E7514 /* Post.swift in Sources */,
				850A072D23826745006F4827 /* CreatePostViewController.swift in Sources */,
				8500D7EC239907D000BE9C7E /* Bank.swift in Sources */,
				85CC082123B2957E000AD3C7 /* ValidationErrorType.swift .swift in Sources */,
				8500D7EE23990B2000BE9C7E /* BankViewController.swift in Sources */,
				857C24ED23E9127100F72B90 /* PickerType.swift in Sources */,
				85BEEEB023C71AAF00EE80EF /* hideKeyboardWhenTappedAround.swift in Sources */,
				85AB259523DF417D00589F9D /* AppTheme.swift in Sources */,
				8500D7E623981C5C00BE9C7E /* EditPostViewController.swift in Sources */,
				85CC081423ACBFD3000AD3C7 /* Info.swift in Sources */,
			);
			runOnlyForDeploymentPostprocessing = 0;
		};
/* End PBXSourcesBuildPhase section */

/* Begin PBXVariantGroup section */
		85BCD5D2238061A9002828E3 /* Main.storyboard */ = {
			isa = PBXVariantGroup;
			children = (
				85BCD5D3238061A9002828E3 /* Base */,
			);
			name = Main.storyboard;
			sourceTree = "<group>";
		};
		85BCD5D7238061AB002828E3 /* LaunchScreen.storyboard */ = {
			isa = PBXVariantGroup;
			children = (
				85BCD5D8238061AB002828E3 /* Base */,
			);
			name = LaunchScreen.storyboard;
			sourceTree = "<group>";
		};
/* End PBXVariantGroup section */

/* Begin XCBuildConfiguration section */
		85BCD5DB238061AB002828E3 /* Debug */ = {
			isa = XCBuildConfiguration;
			buildSettings = {
				ALWAYS_SEARCH_USER_PATHS = NO;
				CLANG_ANALYZER_NONNULL = YES;
				CLANG_ANALYZER_NUMBER_OBJECT_CONVERSION = YES_AGGRESSIVE;
				CLANG_CXX_LANGUAGE_STANDARD = "gnu++14";
				CLANG_CXX_LIBRARY = "libc++";
				CLANG_ENABLE_MODULES = YES;
				CLANG_ENABLE_OBJC_ARC = YES;
				CLANG_ENABLE_OBJC_WEAK = YES;
				CLANG_WARN_BLOCK_CAPTURE_AUTORELEASING = YES;
				CLANG_WARN_BOOL_CONVERSION = YES;
				CLANG_WARN_COMMA = YES;
				CLANG_WARN_CONSTANT_CONVERSION = YES;
				CLANG_WARN_DEPRECATED_OBJC_IMPLEMENTATIONS = YES;
				CLANG_WARN_DIRECT_OBJC_ISA_USAGE = YES_ERROR;
				CLANG_WARN_DOCUMENTATION_COMMENTS = YES;
				CLANG_WARN_EMPTY_BODY = YES;
				CLANG_WARN_ENUM_CONVERSION = YES;
				CLANG_WARN_INFINITE_RECURSION = YES;
				CLANG_WARN_INT_CONVERSION = YES;
				CLANG_WARN_NON_LITERAL_NULL_CONVERSION = YES;
				CLANG_WARN_OBJC_IMPLICIT_RETAIN_SELF = YES;
				CLANG_WARN_OBJC_LITERAL_CONVERSION = YES;
				CLANG_WARN_OBJC_ROOT_CLASS = YES_ERROR;
				CLANG_WARN_RANGE_LOOP_ANALYSIS = YES;
				CLANG_WARN_STRICT_PROTOTYPES = YES;
				CLANG_WARN_SUSPICIOUS_MOVE = YES;
				CLANG_WARN_UNGUARDED_AVAILABILITY = YES_AGGRESSIVE;
				CLANG_WARN_UNREACHABLE_CODE = YES;
				CLANG_WARN__DUPLICATE_METHOD_MATCH = YES;
				COPY_PHASE_STRIP = NO;
				DEBUG_INFORMATION_FORMAT = dwarf;
				ENABLE_STRICT_OBJC_MSGSEND = YES;
				ENABLE_TESTABILITY = YES;
				GCC_C_LANGUAGE_STANDARD = gnu11;
				GCC_DYNAMIC_NO_PIC = NO;
				GCC_NO_COMMON_BLOCKS = YES;
				GCC_OPTIMIZATION_LEVEL = 0;
				GCC_PREPROCESSOR_DEFINITIONS = (
					"DEBUG=1",
					"$(inherited)",
				);
				GCC_WARN_64_TO_32_BIT_CONVERSION = YES;
				GCC_WARN_ABOUT_RETURN_TYPE = YES_ERROR;
				GCC_WARN_UNDECLARED_SELECTOR = YES;
				GCC_WARN_UNINITIALIZED_AUTOS = YES_AGGRESSIVE;
				GCC_WARN_UNUSED_FUNCTION = YES;
				GCC_WARN_UNUSED_VARIABLE = YES;
				IPHONEOS_DEPLOYMENT_TARGET = 13.2;
				MTL_ENABLE_DEBUG_INFO = INCLUDE_SOURCE;
				MTL_FAST_MATH = YES;
				ONLY_ACTIVE_ARCH = YES;
				SDKROOT = iphoneos;
				SWIFT_ACTIVE_COMPILATION_CONDITIONS = DEBUG;
				SWIFT_OPTIMIZATION_LEVEL = "-Onone";
			};
			name = Debug;
		};
		85BCD5DC238061AB002828E3 /* Release */ = {
			isa = XCBuildConfiguration;
			buildSettings = {
				ALWAYS_SEARCH_USER_PATHS = NO;
				CLANG_ANALYZER_NONNULL = YES;
				CLANG_ANALYZER_NUMBER_OBJECT_CONVERSION = YES_AGGRESSIVE;
				CLANG_CXX_LANGUAGE_STANDARD = "gnu++14";
				CLANG_CXX_LIBRARY = "libc++";
				CLANG_ENABLE_MODULES = YES;
				CLANG_ENABLE_OBJC_ARC = YES;
				CLANG_ENABLE_OBJC_WEAK = YES;
				CLANG_WARN_BLOCK_CAPTURE_AUTORELEASING = YES;
				CLANG_WARN_BOOL_CONVERSION = YES;
				CLANG_WARN_COMMA = YES;
				CLANG_WARN_CONSTANT_CONVERSION = YES;
				CLANG_WARN_DEPRECATED_OBJC_IMPLEMENTATIONS = YES;
				CLANG_WARN_DIRECT_OBJC_ISA_USAGE = YES_ERROR;
				CLANG_WARN_DOCUMENTATION_COMMENTS = YES;
				CLANG_WARN_EMPTY_BODY = YES;
				CLANG_WARN_ENUM_CONVERSION = YES;
				CLANG_WARN_INFINITE_RECURSION = YES;
				CLANG_WARN_INT_CONVERSION = YES;
				CLANG_WARN_NON_LITERAL_NULL_CONVERSION = YES;
				CLANG_WARN_OBJC_IMPLICIT_RETAIN_SELF = YES;
				CLANG_WARN_OBJC_LITERAL_CONVERSION = YES;
				CLANG_WARN_OBJC_ROOT_CLASS = YES_ERROR;
				CLANG_WARN_RANGE_LOOP_ANALYSIS = YES;
				CLANG_WARN_STRICT_PROTOTYPES = YES;
				CLANG_WARN_SUSPICIOUS_MOVE = YES;
				CLANG_WARN_UNGUARDED_AVAILABILITY = YES_AGGRESSIVE;
				CLANG_WARN_UNREACHABLE_CODE = YES;
				CLANG_WARN__DUPLICATE_METHOD_MATCH = YES;
				COPY_PHASE_STRIP = NO;
				DEBUG_INFORMATION_FORMAT = "dwarf-with-dsym";
				ENABLE_NS_ASSERTIONS = NO;
				ENABLE_STRICT_OBJC_MSGSEND = YES;
				GCC_C_LANGUAGE_STANDARD = gnu11;
				GCC_NO_COMMON_BLOCKS = YES;
				GCC_WARN_64_TO_32_BIT_CONVERSION = YES;
				GCC_WARN_ABOUT_RETURN_TYPE = YES_ERROR;
				GCC_WARN_UNDECLARED_SELECTOR = YES;
				GCC_WARN_UNINITIALIZED_AUTOS = YES_AGGRESSIVE;
				GCC_WARN_UNUSED_FUNCTION = YES;
				GCC_WARN_UNUSED_VARIABLE = YES;
				IPHONEOS_DEPLOYMENT_TARGET = 13.2;
				MTL_ENABLE_DEBUG_INFO = NO;
				MTL_FAST_MATH = YES;
				SDKROOT = iphoneos;
				SWIFT_COMPILATION_MODE = wholemodule;
				SWIFT_OPTIMIZATION_LEVEL = "-O";
				VALIDATE_PRODUCT = YES;
			};
			name = Release;
		};
		85BCD5DE238061AB002828E3 /* Debug */ = {
			isa = XCBuildConfiguration;
			baseConfigurationReference = 4FB354119D9D2C676F65CF96 /* Pods-PFpractice.debug.xcconfig */;
			buildSettings = {
				ASSETCATALOG_COMPILER_APPICON_NAME = AppIcon;
				CODE_SIGN_STYLE = Automatic;
				DEVELOPMENT_TEAM = 9S7V7XCN6Y;
				INFOPLIST_FILE = PFpractice/Info.plist;
				LD_RUNPATH_SEARCH_PATHS = (
					"$(inherited)",
					"@executable_path/Frameworks",
				);
				LIBRARY_SEARCH_PATHS = "$(inherited)";
				PRODUCT_BUNDLE_IDENTIFIER = "swift-test.PFpractice";
				PRODUCT_NAME = "プレゼント管理";
				SWIFT_VERSION = 5.0;
				TARGETED_DEVICE_FAMILY = 1;
			};
			name = Debug;
		};
		85BCD5DF238061AB002828E3 /* Release */ = {
			isa = XCBuildConfiguration;
			baseConfigurationReference = 46219F6C2777910C47C1F590 /* Pods-PFpractice.release.xcconfig */;
			buildSettings = {
				ASSETCATALOG_COMPILER_APPICON_NAME = AppIcon;
				CODE_SIGN_STYLE = Automatic;
				DEVELOPMENT_TEAM = 9S7V7XCN6Y;
				INFOPLIST_FILE = PFpractice/Info.plist;
				LD_RUNPATH_SEARCH_PATHS = (
					"$(inherited)",
					"@executable_path/Frameworks",
				);
				LIBRARY_SEARCH_PATHS = "$(inherited)";
				PRODUCT_BUNDLE_IDENTIFIER = "swift-test.PFpractice";
				PRODUCT_NAME = "プレゼント管理";
				SWIFT_VERSION = 5.0;
				TARGETED_DEVICE_FAMILY = 1;
			};
			name = Release;
		};
/* End XCBuildConfiguration section */

/* Begin XCConfigurationList section */
		85BCD5C4238061A9002828E3 /* Build configuration list for PBXProject "PFpractice" */ = {
			isa = XCConfigurationList;
			buildConfigurations = (
				85BCD5DB238061AB002828E3 /* Debug */,
				85BCD5DC238061AB002828E3 /* Release */,
			);
			defaultConfigurationIsVisible = 0;
			defaultConfigurationName = Release;
		};
		85BCD5DD238061AB002828E3 /* Build configuration list for PBXNativeTarget "PFpractice" */ = {
			isa = XCConfigurationList;
			buildConfigurations = (
				85BCD5DE238061AB002828E3 /* Debug */,
				85BCD5DF238061AB002828E3 /* Release */,
			);
			defaultConfigurationIsVisible = 0;
			defaultConfigurationName = Release;
		};
/* End XCConfigurationList section */
	};
	rootObject = 85BCD5C1238061A9002828E3 /* Project object */;
}
